// !$*UTF8*$!
{
	archiveVersion = 1;
	classes = {
	};
	objectVersion = 56;
	objects = {

/* Begin PBXBuildFile section */
		041E74162A9A03CB00E90279 /* GlobalMessageVC.swift in Sources */ = {isa = PBXBuildFile; fileRef = 041E74152A9A03CB00E90279 /* GlobalMessageVC.swift */; };
		041E74182A9A055600E90279 /* AddGlobalMessage.swift in Sources */ = {isa = PBXBuildFile; fileRef = 041E74172A9A055600E90279 /* AddGlobalMessage.swift */; };
		041E741A2A9A082000E90279 /* LoadGlobalMessage.swift in Sources */ = {isa = PBXBuildFile; fileRef = 041E74192A9A082000E90279 /* LoadGlobalMessage.swift */; };
		041E741C2A9A094600E90279 /* GlobalMEssageModel.swift in Sources */ = {isa = PBXBuildFile; fileRef = 041E741B2A9A094600E90279 /* GlobalMEssageModel.swift */; };
		042C3E2F2A9719A40064C6D3 /* FirebaseAnalytics in Frameworks */ = {isa = PBXBuildFile; productRef = 042C3E2E2A9719A40064C6D3 /* FirebaseAnalytics */; };
		042C3E312A9719A40064C6D3 /* FirebaseAnalyticsOnDeviceConversion in Frameworks */ = {isa = PBXBuildFile; productRef = 042C3E302A9719A40064C6D3 /* FirebaseAnalyticsOnDeviceConversion */; };
		042C3E332A9719A40064C6D3 /* FirebaseAnalyticsSwift in Frameworks */ = {isa = PBXBuildFile; productRef = 042C3E322A9719A40064C6D3 /* FirebaseAnalyticsSwift */; };
		042C3E352A9719A40064C6D3 /* FirebaseAnalyticsWithoutAdIdSupport in Frameworks */ = {isa = PBXBuildFile; productRef = 042C3E342A9719A40064C6D3 /* FirebaseAnalyticsWithoutAdIdSupport */; };
		042C3E372A9719A40064C6D3 /* FirebaseAppCheck in Frameworks */ = {isa = PBXBuildFile; productRef = 042C3E362A9719A40064C6D3 /* FirebaseAppCheck */; };
		042C3E392A9719A40064C6D3 /* FirebaseAppDistribution-Beta in Frameworks */ = {isa = PBXBuildFile; productRef = 042C3E382A9719A40064C6D3 /* FirebaseAppDistribution-Beta */; };
		042C3E3B2A9719A40064C6D3 /* FirebaseAuth in Frameworks */ = {isa = PBXBuildFile; productRef = 042C3E3A2A9719A40064C6D3 /* FirebaseAuth */; };
		042C3E3D2A9719A40064C6D3 /* FirebaseAuthCombine-Community in Frameworks */ = {isa = PBXBuildFile; productRef = 042C3E3C2A9719A40064C6D3 /* FirebaseAuthCombine-Community */; };
		042C3E3F2A9719A40064C6D3 /* FirebaseCrashlytics in Frameworks */ = {isa = PBXBuildFile; productRef = 042C3E3E2A9719A40064C6D3 /* FirebaseCrashlytics */; };
		042C3E412A9719A40064C6D3 /* FirebaseDatabase in Frameworks */ = {isa = PBXBuildFile; productRef = 042C3E402A9719A40064C6D3 /* FirebaseDatabase */; };
		042C3E432A9719A40064C6D3 /* FirebaseDatabaseSwift in Frameworks */ = {isa = PBXBuildFile; productRef = 042C3E422A9719A40064C6D3 /* FirebaseDatabaseSwift */; };
		042C3E452A9719A40064C6D3 /* FirebaseDynamicLinks in Frameworks */ = {isa = PBXBuildFile; productRef = 042C3E442A9719A40064C6D3 /* FirebaseDynamicLinks */; };
		042C3E472A9719A40064C6D3 /* FirebaseFirestore in Frameworks */ = {isa = PBXBuildFile; productRef = 042C3E462A9719A40064C6D3 /* FirebaseFirestore */; };
		042C3E492A9719A40064C6D3 /* FirebaseFirestoreCombine-Community in Frameworks */ = {isa = PBXBuildFile; productRef = 042C3E482A9719A40064C6D3 /* FirebaseFirestoreCombine-Community */; };
		042C3E4B2A9719A40064C6D3 /* FirebaseFirestoreSwift in Frameworks */ = {isa = PBXBuildFile; productRef = 042C3E4A2A9719A40064C6D3 /* FirebaseFirestoreSwift */; };
		042C3E4D2A9719A40064C6D3 /* FirebaseFunctions in Frameworks */ = {isa = PBXBuildFile; productRef = 042C3E4C2A9719A40064C6D3 /* FirebaseFunctions */; };
		042C3E4F2A9719A40064C6D3 /* FirebaseFunctionsCombine-Community in Frameworks */ = {isa = PBXBuildFile; productRef = 042C3E4E2A9719A40064C6D3 /* FirebaseFunctionsCombine-Community */; };
		042C3E512A9719A40064C6D3 /* FirebaseInAppMessaging-Beta in Frameworks */ = {isa = PBXBuildFile; productRef = 042C3E502A9719A40064C6D3 /* FirebaseInAppMessaging-Beta */; };
		042C3E532A9719A40064C6D3 /* FirebaseInAppMessagingSwift-Beta in Frameworks */ = {isa = PBXBuildFile; productRef = 042C3E522A9719A40064C6D3 /* FirebaseInAppMessagingSwift-Beta */; };
		042C3E552A9719A40064C6D3 /* FirebaseInstallations in Frameworks */ = {isa = PBXBuildFile; productRef = 042C3E542A9719A40064C6D3 /* FirebaseInstallations */; };
		042C3E572A9719A40064C6D3 /* FirebaseMLModelDownloader in Frameworks */ = {isa = PBXBuildFile; productRef = 042C3E562A9719A40064C6D3 /* FirebaseMLModelDownloader */; };
		042C3E592A9719A40064C6D3 /* FirebaseMessaging in Frameworks */ = {isa = PBXBuildFile; productRef = 042C3E582A9719A40064C6D3 /* FirebaseMessaging */; };
		042C3E5B2A9719A40064C6D3 /* FirebasePerformance in Frameworks */ = {isa = PBXBuildFile; productRef = 042C3E5A2A9719A40064C6D3 /* FirebasePerformance */; };
		042C3E5D2A9719A40064C6D3 /* FirebaseRemoteConfig in Frameworks */ = {isa = PBXBuildFile; productRef = 042C3E5C2A9719A40064C6D3 /* FirebaseRemoteConfig */; };
		042C3E5F2A9719A40064C6D3 /* FirebaseRemoteConfigSwift in Frameworks */ = {isa = PBXBuildFile; productRef = 042C3E5E2A9719A40064C6D3 /* FirebaseRemoteConfigSwift */; };
		042C3E612A9719A40064C6D3 /* FirebaseStorage in Frameworks */ = {isa = PBXBuildFile; productRef = 042C3E602A9719A40064C6D3 /* FirebaseStorage */; };
		042C3E632A9719A40064C6D3 /* FirebaseStorageCombine-Community in Frameworks */ = {isa = PBXBuildFile; productRef = 042C3E622A9719A40064C6D3 /* FirebaseStorageCombine-Community */; };
		042C3E652A971CE40064C6D3 /* AddConversation.swift in Sources */ = {isa = PBXBuildFile; fileRef = 042C3E642A971CE40064C6D3 /* AddConversation.swift */; };
		042C3E672A9785FF0064C6D3 /* ProfileVC.swift in Sources */ = {isa = PBXBuildFile; fileRef = 042C3E662A9785FF0064C6D3 /* ProfileVC.swift */; };
		044D34DD2A7E242A004A1565 /* AppDelegate.swift in Sources */ = {isa = PBXBuildFile; fileRef = 044D34DC2A7E242A004A1565 /* AppDelegate.swift */; };
		044D34DF2A7E242A004A1565 /* SceneDelegate.swift in Sources */ = {isa = PBXBuildFile; fileRef = 044D34DE2A7E242A004A1565 /* SceneDelegate.swift */; };
		044D34E42A7E242A004A1565 /* Main.storyboard in Resources */ = {isa = PBXBuildFile; fileRef = 044D34E22A7E242A004A1565 /* Main.storyboard */; };
		044D34E62A7E242C004A1565 /* Assets.xcassets in Resources */ = {isa = PBXBuildFile; fileRef = 044D34E52A7E242C004A1565 /* Assets.xcassets */; };
		044D34E92A7E242C004A1565 /* LaunchScreen.storyboard in Resources */ = {isa = PBXBuildFile; fileRef = 044D34E72A7E242C004A1565 /* LaunchScreen.storyboard */; };
		044D34FD2A7E31B6004A1565 /* SignUpVC.swift in Sources */ = {isa = PBXBuildFile; fileRef = 044D34FC2A7E31B6004A1565 /* SignUpVC.swift */; };
		044D35012A7E6E0D004A1565 /* UserAuthentication.swift in Sources */ = {isa = PBXBuildFile; fileRef = 044D35002A7E6E0D004A1565 /* UserAuthentication.swift */; };
		044D35092A80FDA8004A1565 /* PostCell.xib in Resources */ = {isa = PBXBuildFile; fileRef = 044D35082A80FDA8004A1565 /* PostCell.xib */; };
		044D350B2A80FDF3004A1565 /* PostCell.swift in Sources */ = {isa = PBXBuildFile; fileRef = 044D350A2A80FDF3004A1565 /* PostCell.swift */; };
		044D35142A821B53004A1565 /* CollectionCell.xib in Resources */ = {isa = PBXBuildFile; fileRef = 044D35132A821B53004A1565 /* CollectionCell.xib */; };
		044D35162A821B88004A1565 /* CollectionCell.swift in Sources */ = {isa = PBXBuildFile; fileRef = 044D35152A821B88004A1565 /* CollectionCell.swift */; };
		044D351D2A823A2F004A1565 /* Kingfisher in Frameworks */ = {isa = PBXBuildFile; productRef = 044D351C2A823A2F004A1565 /* Kingfisher */; };
		044D351F2A8262A9004A1565 /* DeatilView.swift in Sources */ = {isa = PBXBuildFile; fileRef = 044D351E2A8262A9004A1565 /* DeatilView.swift */; };
		044D35212A835643004A1565 /* PostModel.swift in Sources */ = {isa = PBXBuildFile; fileRef = 044D35202A835643004A1565 /* PostModel.swift */; };
		044D35232A8361B9004A1565 /* Constants.swift in Sources */ = {isa = PBXBuildFile; fileRef = 044D35222A8361B9004A1565 /* Constants.swift */; };
		044D352C2A83AB41004A1565 /* HomeVC.swift in Sources */ = {isa = PBXBuildFile; fileRef = 044D352B2A83AB41004A1565 /* HomeVC.swift */; };
		045339542A93552E0060C0E5 /* CommentVC.swift in Sources */ = {isa = PBXBuildFile; fileRef = 045339532A93552E0060C0E5 /* CommentVC.swift */; };
		045339562A9374750060C0E5 /* Protocols.swift in Sources */ = {isa = PBXBuildFile; fileRef = 045339552A9374750060C0E5 /* Protocols.swift */; };
		045339582A937E9D0060C0E5 /* AddComments.swift in Sources */ = {isa = PBXBuildFile; fileRef = 045339572A937E9D0060C0E5 /* AddComments.swift */; };
		0453395A2A937EDD0060C0E5 /* LoadComments.swift in Sources */ = {isa = PBXBuildFile; fileRef = 045339592A937EDD0060C0E5 /* LoadComments.swift */; };
		0453395C2A937F310060C0E5 /* ComentModel.swift in Sources */ = {isa = PBXBuildFile; fileRef = 0453395B2A937F310060C0E5 /* ComentModel.swift */; };
		0453395F2A9488E90060C0E5 /* IQKeyboardManagerSwift in Frameworks */ = {isa = PBXBuildFile; productRef = 0453395E2A9488E90060C0E5 /* IQKeyboardManagerSwift */; };
		045339612A94B30B0060C0E5 /* ConversationVC.swift in Sources */ = {isa = PBXBuildFile; fileRef = 045339602A94B30B0060C0E5 /* ConversationVC.swift */; };
		045339642A94B41D0060C0E5 /* ConversationCell.swift in Sources */ = {isa = PBXBuildFile; fileRef = 045339632A94B41D0060C0E5 /* ConversationCell.swift */; };
		045339662A94B4430060C0E5 /* ConversationCell.xib in Resources */ = {isa = PBXBuildFile; fileRef = 045339652A94B4430060C0E5 /* ConversationCell.xib */; };
		0453396B2A94B7CE0060C0E5 /* ConversationModel.swift in Sources */ = {isa = PBXBuildFile; fileRef = 0453396A2A94B7CE0060C0E5 /* ConversationModel.swift */; };
		0453396D2A94BA430060C0E5 /* LoadConversations.swift in Sources */ = {isa = PBXBuildFile; fileRef = 0453396C2A94BA430060C0E5 /* LoadConversations.swift */; };
		0453396F2A94C2C50060C0E5 /* AvailableUsers.swift in Sources */ = {isa = PBXBuildFile; fileRef = 0453396E2A94C2C50060C0E5 /* AvailableUsers.swift */; };
		045339712A94C3440060C0E5 /* AvailableUsersVC.swift in Sources */ = {isa = PBXBuildFile; fileRef = 045339702A94C3440060C0E5 /* AvailableUsersVC.swift */; };
		045339732A94C46F0060C0E5 /* AvailableUserCell.xib in Resources */ = {isa = PBXBuildFile; fileRef = 045339722A94C46F0060C0E5 /* AvailableUserCell.xib */; };
		045339752A94C4910060C0E5 /* AvailableUserCell.swift in Sources */ = {isa = PBXBuildFile; fileRef = 045339742A94C4910060C0E5 /* AvailableUserCell.swift */; };
		045339772A94CC430060C0E5 /* UserModel.swift in Sources */ = {isa = PBXBuildFile; fileRef = 045339762A94CC430060C0E5 /* UserModel.swift */; };
		045E8CE92A84CE43004A1051 /* AttachmentCell.swift in Sources */ = {isa = PBXBuildFile; fileRef = 045E8CE82A84CE43004A1051 /* AttachmentCell.swift */; };
		04A21D732A86517E004F87F1 /* GoogleService-Info.plist in Resources */ = {isa = PBXBuildFile; fileRef = 04A21D722A86517E004F87F1 /* GoogleService-Info.plist */; };
		04A21D792A876711004F87F1 /* AttachmentImageDataSource.swift in Sources */ = {isa = PBXBuildFile; fileRef = 04A21D782A876711004F87F1 /* AttachmentImageDataSource.swift */; };
		04A21D7D2A876914004F87F1 /* AttachmentCell.xib in Resources */ = {isa = PBXBuildFile; fileRef = 04A21D7C2A876914004F87F1 /* AttachmentCell.xib */; };
		04D3C4242A95FBC200948F84 /* MessagesVC.swift in Sources */ = {isa = PBXBuildFile; fileRef = 04D3C4232A95FBC200948F84 /* MessagesVC.swift */; };
		04D3C4262A95FD3100948F84 /* MessageCell.xib in Resources */ = {isa = PBXBuildFile; fileRef = 04D3C4252A95FD3100948F84 /* MessageCell.xib */; };
		04D3C4282A95FD4800948F84 /* MessageCell.swift in Sources */ = {isa = PBXBuildFile; fileRef = 04D3C4272A95FD4800948F84 /* MessageCell.swift */; };
		04D3C42A2A96049200948F84 /* LoadMessages.swift in Sources */ = {isa = PBXBuildFile; fileRef = 04D3C4292A96049200948F84 /* LoadMessages.swift */; };
		04D3C42C2A9604CB00948F84 /* MessageModel.swift in Sources */ = {isa = PBXBuildFile; fileRef = 04D3C42B2A9604CB00948F84 /* MessageModel.swift */; };
		04D3C4302A9606E600948F84 /* AddMessage.swift in Sources */ = {isa = PBXBuildFile; fileRef = 04D3C42F2A9606E600948F84 /* AddMessage.swift */; };
		04F5DECC2A8B518E00DD549D /* AddNewPost.swift in Sources */ = {isa = PBXBuildFile; fileRef = 04F5DECB2A8B518E00DD549D /* AddNewPost.swift */; };
		04F5DED02A8E1FAD00DD549D /* loadPosts.swift in Sources */ = {isa = PBXBuildFile; fileRef = 04F5DECF2A8E1FAD00DD549D /* loadPosts.swift */; };
		04F5DEDC2A8F939E00DD549D /* CommentCell.xib in Resources */ = {isa = PBXBuildFile; fileRef = 04F5DEDB2A8F939E00DD549D /* CommentCell.xib */; };
		04F5DEDE2A8F93A800DD549D /* CommentCell.swift in Sources */ = {isa = PBXBuildFile; fileRef = 04F5DEDD2A8F93A800DD549D /* CommentCell.swift */; };
		04F5DEE02A8F957700DD549D /* PostImageCollectionView.swift in Sources */ = {isa = PBXBuildFile; fileRef = 04F5DEDF2A8F957700DD549D /* PostImageCollectionView.swift */; };
		A3A9FB40D879CD46A41F6B4C /* Pods_YouAll_Chat.framework in Frameworks */ = {isa = PBXBuildFile; fileRef = F8C997C45C0205134AF393DB /* Pods_YouAll_Chat.framework */; };
/* End PBXBuildFile section */

/* Begin PBXFileReference section */
		041E74152A9A03CB00E90279 /* GlobalMessageVC.swift */ = {isa = PBXFileReference; lastKnownFileType = sourcecode.swift; path = GlobalMessageVC.swift; sourceTree = "<group>"; };
		041E74172A9A055600E90279 /* AddGlobalMessage.swift */ = {isa = PBXFileReference; lastKnownFileType = sourcecode.swift; path = AddGlobalMessage.swift; sourceTree = "<group>"; };
		041E74192A9A082000E90279 /* LoadGlobalMessage.swift */ = {isa = PBXFileReference; lastKnownFileType = sourcecode.swift; path = LoadGlobalMessage.swift; sourceTree = "<group>"; };
		041E741B2A9A094600E90279 /* GlobalMEssageModel.swift */ = {isa = PBXFileReference; lastKnownFileType = sourcecode.swift; path = GlobalMEssageModel.swift; sourceTree = "<group>"; };
		042C3E642A971CE40064C6D3 /* AddConversation.swift */ = {isa = PBXFileReference; lastKnownFileType = sourcecode.swift; path = AddConversation.swift; sourceTree = "<group>"; };
		042C3E662A9785FF0064C6D3 /* ProfileVC.swift */ = {isa = PBXFileReference; lastKnownFileType = sourcecode.swift; path = ProfileVC.swift; sourceTree = "<group>"; };
		044D34D92A7E242A004A1565 /* YouAll Chat.app */ = {isa = PBXFileReference; explicitFileType = wrapper.application; includeInIndex = 0; path = "YouAll Chat.app"; sourceTree = BUILT_PRODUCTS_DIR; };
		044D34DC2A7E242A004A1565 /* AppDelegate.swift */ = {isa = PBXFileReference; lastKnownFileType = sourcecode.swift; path = AppDelegate.swift; sourceTree = "<group>"; };
		044D34DE2A7E242A004A1565 /* SceneDelegate.swift */ = {isa = PBXFileReference; lastKnownFileType = sourcecode.swift; path = SceneDelegate.swift; sourceTree = "<group>"; };
		044D34E32A7E242A004A1565 /* Base */ = {isa = PBXFileReference; lastKnownFileType = file.storyboard; name = Base; path = Base.lproj/Main.storyboard; sourceTree = "<group>"; };
		044D34E52A7E242C004A1565 /* Assets.xcassets */ = {isa = PBXFileReference; lastKnownFileType = folder.assetcatalog; path = Assets.xcassets; sourceTree = "<group>"; };
		044D34E82A7E242C004A1565 /* Base */ = {isa = PBXFileReference; lastKnownFileType = file.storyboard; name = Base; path = Base.lproj/LaunchScreen.storyboard; sourceTree = "<group>"; };
		044D34EA2A7E242C004A1565 /* Info.plist */ = {isa = PBXFileReference; lastKnownFileType = text.plist.xml; path = Info.plist; sourceTree = "<group>"; };
		044D34FC2A7E31B6004A1565 /* SignUpVC.swift */ = {isa = PBXFileReference; lastKnownFileType = sourcecode.swift; path = SignUpVC.swift; sourceTree = "<group>"; };
		044D35002A7E6E0D004A1565 /* UserAuthentication.swift */ = {isa = PBXFileReference; lastKnownFileType = sourcecode.swift; path = UserAuthentication.swift; sourceTree = "<group>"; };
		044D35082A80FDA8004A1565 /* PostCell.xib */ = {isa = PBXFileReference; lastKnownFileType = file.xib; path = PostCell.xib; sourceTree = "<group>"; };
		044D350A2A80FDF3004A1565 /* PostCell.swift */ = {isa = PBXFileReference; lastKnownFileType = sourcecode.swift; path = PostCell.swift; sourceTree = "<group>"; };
		044D35132A821B53004A1565 /* CollectionCell.xib */ = {isa = PBXFileReference; lastKnownFileType = file.xib; path = CollectionCell.xib; sourceTree = "<group>"; };
		044D35152A821B88004A1565 /* CollectionCell.swift */ = {isa = PBXFileReference; lastKnownFileType = sourcecode.swift; path = CollectionCell.swift; sourceTree = "<group>"; };
		044D351E2A8262A9004A1565 /* DeatilView.swift */ = {isa = PBXFileReference; lastKnownFileType = sourcecode.swift; path = DeatilView.swift; sourceTree = "<group>"; };
		044D35202A835643004A1565 /* PostModel.swift */ = {isa = PBXFileReference; lastKnownFileType = sourcecode.swift; path = PostModel.swift; sourceTree = "<group>"; };
		044D35222A8361B9004A1565 /* Constants.swift */ = {isa = PBXFileReference; lastKnownFileType = sourcecode.swift; path = Constants.swift; sourceTree = "<group>"; };
		044D352B2A83AB41004A1565 /* HomeVC.swift */ = {isa = PBXFileReference; fileEncoding = 4; lastKnownFileType = sourcecode.swift; path = HomeVC.swift; sourceTree = "<group>"; };
		045339532A93552E0060C0E5 /* CommentVC.swift */ = {isa = PBXFileReference; lastKnownFileType = sourcecode.swift; path = CommentVC.swift; sourceTree = "<group>"; };
		045339552A9374750060C0E5 /* Protocols.swift */ = {isa = PBXFileReference; lastKnownFileType = sourcecode.swift; path = Protocols.swift; sourceTree = "<group>"; };
		045339572A937E9D0060C0E5 /* AddComments.swift */ = {isa = PBXFileReference; lastKnownFileType = sourcecode.swift; path = AddComments.swift; sourceTree = "<group>"; };
		045339592A937EDD0060C0E5 /* LoadComments.swift */ = {isa = PBXFileReference; lastKnownFileType = sourcecode.swift; path = LoadComments.swift; sourceTree = "<group>"; };
		0453395B2A937F310060C0E5 /* ComentModel.swift */ = {isa = PBXFileReference; lastKnownFileType = sourcecode.swift; path = ComentModel.swift; sourceTree = "<group>"; };
		045339602A94B30B0060C0E5 /* ConversationVC.swift */ = {isa = PBXFileReference; lastKnownFileType = sourcecode.swift; path = ConversationVC.swift; sourceTree = "<group>"; };
		045339632A94B41D0060C0E5 /* ConversationCell.swift */ = {isa = PBXFileReference; lastKnownFileType = sourcecode.swift; path = ConversationCell.swift; sourceTree = "<group>"; };
		045339652A94B4430060C0E5 /* ConversationCell.xib */ = {isa = PBXFileReference; lastKnownFileType = file.xib; path = ConversationCell.xib; sourceTree = "<group>"; };
		0453396A2A94B7CE0060C0E5 /* ConversationModel.swift */ = {isa = PBXFileReference; lastKnownFileType = sourcecode.swift; path = ConversationModel.swift; sourceTree = "<group>"; };
		0453396C2A94BA430060C0E5 /* LoadConversations.swift */ = {isa = PBXFileReference; lastKnownFileType = sourcecode.swift; path = LoadConversations.swift; sourceTree = "<group>"; };
		0453396E2A94C2C50060C0E5 /* AvailableUsers.swift */ = {isa = PBXFileReference; lastKnownFileType = sourcecode.swift; path = AvailableUsers.swift; sourceTree = "<group>"; };
		045339702A94C3440060C0E5 /* AvailableUsersVC.swift */ = {isa = PBXFileReference; lastKnownFileType = sourcecode.swift; path = AvailableUsersVC.swift; sourceTree = "<group>"; };
		045339722A94C46F0060C0E5 /* AvailableUserCell.xib */ = {isa = PBXFileReference; lastKnownFileType = file.xib; path = AvailableUserCell.xib; sourceTree = "<group>"; };
		045339742A94C4910060C0E5 /* AvailableUserCell.swift */ = {isa = PBXFileReference; lastKnownFileType = sourcecode.swift; path = AvailableUserCell.swift; sourceTree = "<group>"; };
		045339762A94CC430060C0E5 /* UserModel.swift */ = {isa = PBXFileReference; lastKnownFileType = sourcecode.swift; path = UserModel.swift; sourceTree = "<group>"; };
		045E8CE82A84CE43004A1051 /* AttachmentCell.swift */ = {isa = PBXFileReference; lastKnownFileType = sourcecode.swift; path = AttachmentCell.swift; sourceTree = "<group>"; };
		04A21D722A86517E004F87F1 /* GoogleService-Info.plist */ = {isa = PBXFileReference; fileEncoding = 4; lastKnownFileType = text.plist.xml; name = "GoogleService-Info.plist"; path = "../../../../GoogleService-Info.plist"; sourceTree = "<group>"; };
		04A21D782A876711004F87F1 /* AttachmentImageDataSource.swift */ = {isa = PBXFileReference; lastKnownFileType = sourcecode.swift; path = AttachmentImageDataSource.swift; sourceTree = "<group>"; };
		04A21D7C2A876914004F87F1 /* AttachmentCell.xib */ = {isa = PBXFileReference; lastKnownFileType = file.xib; path = AttachmentCell.xib; sourceTree = "<group>"; };
		04D3C4232A95FBC200948F84 /* MessagesVC.swift */ = {isa = PBXFileReference; lastKnownFileType = sourcecode.swift; path = MessagesVC.swift; sourceTree = "<group>"; };
		04D3C4252A95FD3100948F84 /* MessageCell.xib */ = {isa = PBXFileReference; lastKnownFileType = file.xib; path = MessageCell.xib; sourceTree = "<group>"; };
		04D3C4272A95FD4800948F84 /* MessageCell.swift */ = {isa = PBXFileReference; lastKnownFileType = sourcecode.swift; path = MessageCell.swift; sourceTree = "<group>"; };
		04D3C4292A96049200948F84 /* LoadMessages.swift */ = {isa = PBXFileReference; lastKnownFileType = sourcecode.swift; path = LoadMessages.swift; sourceTree = "<group>"; };
		04D3C42B2A9604CB00948F84 /* MessageModel.swift */ = {isa = PBXFileReference; lastKnownFileType = sourcecode.swift; path = MessageModel.swift; sourceTree = "<group>"; };
		04D3C42F2A9606E600948F84 /* AddMessage.swift */ = {isa = PBXFileReference; lastKnownFileType = sourcecode.swift; path = AddMessage.swift; sourceTree = "<group>"; };
		04F5DECB2A8B518E00DD549D /* AddNewPost.swift */ = {isa = PBXFileReference; lastKnownFileType = sourcecode.swift; path = AddNewPost.swift; sourceTree = "<group>"; };
		04F5DECF2A8E1FAD00DD549D /* loadPosts.swift */ = {isa = PBXFileReference; lastKnownFileType = sourcecode.swift; path = loadPosts.swift; sourceTree = "<group>"; };
		04F5DEDB2A8F939E00DD549D /* CommentCell.xib */ = {isa = PBXFileReference; lastKnownFileType = file.xib; path = CommentCell.xib; sourceTree = "<group>"; };
		04F5DEDD2A8F93A800DD549D /* CommentCell.swift */ = {isa = PBXFileReference; lastKnownFileType = sourcecode.swift; path = CommentCell.swift; sourceTree = "<group>"; };
		04F5DEDF2A8F957700DD549D /* PostImageCollectionView.swift */ = {isa = PBXFileReference; lastKnownFileType = sourcecode.swift; path = PostImageCollectionView.swift; sourceTree = "<group>"; };
		51E49D0A9B2660423584C50D /* Pods-YouAll Chat.release.xcconfig */ = {isa = PBXFileReference; includeInIndex = 1; lastKnownFileType = text.xcconfig; name = "Pods-YouAll Chat.release.xcconfig"; path = "Target Support Files/Pods-YouAll Chat/Pods-YouAll Chat.release.xcconfig"; sourceTree = "<group>"; };
		6D284270AE12B221E56C4A80 /* Pods-YouAll Chat.debug.xcconfig */ = {isa = PBXFileReference; includeInIndex = 1; lastKnownFileType = text.xcconfig; name = "Pods-YouAll Chat.debug.xcconfig"; path = "Target Support Files/Pods-YouAll Chat/Pods-YouAll Chat.debug.xcconfig"; sourceTree = "<group>"; };
		F8C997C45C0205134AF393DB /* Pods_YouAll_Chat.framework */ = {isa = PBXFileReference; explicitFileType = wrapper.framework; includeInIndex = 0; path = Pods_YouAll_Chat.framework; sourceTree = BUILT_PRODUCTS_DIR; };
/* End PBXFileReference section */

/* Begin PBXFrameworksBuildPhase section */
		044D34D62A7E242A004A1565 /* Frameworks */ = {
			isa = PBXFrameworksBuildPhase;
			buildActionMask = 2147483647;
			files = (
				042C3E532A9719A40064C6D3 /* FirebaseInAppMessagingSwift-Beta in Frameworks */,
				042C3E432A9719A40064C6D3 /* FirebaseDatabaseSwift in Frameworks */,
				042C3E412A9719A40064C6D3 /* FirebaseDatabase in Frameworks */,
				042C3E572A9719A40064C6D3 /* FirebaseMLModelDownloader in Frameworks */,
				042C3E372A9719A40064C6D3 /* FirebaseAppCheck in Frameworks */,
				042C3E4F2A9719A40064C6D3 /* FirebaseFunctionsCombine-Community in Frameworks */,
				042C3E552A9719A40064C6D3 /* FirebaseInstallations in Frameworks */,
				042C3E592A9719A40064C6D3 /* FirebaseMessaging in Frameworks */,
				042C3E3B2A9719A40064C6D3 /* FirebaseAuth in Frameworks */,
				042C3E5D2A9719A40064C6D3 /* FirebaseRemoteConfig in Frameworks */,
				042C3E332A9719A40064C6D3 /* FirebaseAnalyticsSwift in Frameworks */,
				042C3E612A9719A40064C6D3 /* FirebaseStorage in Frameworks */,
				042C3E5B2A9719A40064C6D3 /* FirebasePerformance in Frameworks */,
				042C3E472A9719A40064C6D3 /* FirebaseFirestore in Frameworks */,
				0453395F2A9488E90060C0E5 /* IQKeyboardManagerSwift in Frameworks */,
				042C3E512A9719A40064C6D3 /* FirebaseInAppMessaging-Beta in Frameworks */,
				044D351D2A823A2F004A1565 /* Kingfisher in Frameworks */,
				042C3E312A9719A40064C6D3 /* FirebaseAnalyticsOnDeviceConversion in Frameworks */,
				042C3E5F2A9719A40064C6D3 /* FirebaseRemoteConfigSwift in Frameworks */,
				042C3E3D2A9719A40064C6D3 /* FirebaseAuthCombine-Community in Frameworks */,
				042C3E4D2A9719A40064C6D3 /* FirebaseFunctions in Frameworks */,
				042C3E352A9719A40064C6D3 /* FirebaseAnalyticsWithoutAdIdSupport in Frameworks */,
				042C3E632A9719A40064C6D3 /* FirebaseStorageCombine-Community in Frameworks */,
				042C3E492A9719A40064C6D3 /* FirebaseFirestoreCombine-Community in Frameworks */,
				042C3E2F2A9719A40064C6D3 /* FirebaseAnalytics in Frameworks */,
				042C3E3F2A9719A40064C6D3 /* FirebaseCrashlytics in Frameworks */,
				A3A9FB40D879CD46A41F6B4C /* Pods_YouAll_Chat.framework in Frameworks */,
				042C3E392A9719A40064C6D3 /* FirebaseAppDistribution-Beta in Frameworks */,
				042C3E452A9719A40064C6D3 /* FirebaseDynamicLinks in Frameworks */,
				042C3E4B2A9719A40064C6D3 /* FirebaseFirestoreSwift in Frameworks */,
			);
			runOnlyForDeploymentPostprocessing = 0;
		};
/* End PBXFrameworksBuildPhase section */

/* Begin PBXGroup section */
		041E74142A9A039E00E90279 /* GlobalMessageModels */ = {
			isa = PBXGroup;
			children = (
				041E74172A9A055600E90279 /* AddGlobalMessage.swift */,
				041E74192A9A082000E90279 /* LoadGlobalMessage.swift */,
				041E741B2A9A094600E90279 /* GlobalMEssageModel.swift */,
			);
			path = GlobalMessageModels;
			sourceTree = "<group>";
		};
		044D34D02A7E242A004A1565 = {
			isa = PBXGroup;
			children = (
				044D34DB2A7E242A004A1565 /* YouAll Chat */,
				044D34DA2A7E242A004A1565 /* Products */,
				7DD0F4176A83E32D3B922624 /* Pods */,
				07346C3A2774873B8B095006 /* Frameworks */,
			);
			sourceTree = "<group>";
		};
		044D34DA2A7E242A004A1565 /* Products */ = {
			isa = PBXGroup;
			children = (
				044D34D92A7E242A004A1565 /* YouAll Chat.app */,
			);
			name = Products;
			sourceTree = "<group>";
		};
		044D34DB2A7E242A004A1565 /* YouAll Chat */ = {
			isa = PBXGroup;
			children = (
				044D34DC2A7E242A004A1565 /* AppDelegate.swift */,
				044D34DE2A7E242A004A1565 /* SceneDelegate.swift */,
				044D34FB2A7E317A004A1565 /* Models */,
				044D34F92A7E3134004A1565 /* Views */,
				044D34FA2A7E3170004A1565 /* Controller */,
				044D34E52A7E242C004A1565 /* Assets.xcassets */,
				044D34EA2A7E242C004A1565 /* Info.plist */,
				04A21D722A86517E004F87F1 /* GoogleService-Info.plist */,
				044D35222A8361B9004A1565 /* Constants.swift */,
			);
			path = "YouAll Chat";
			sourceTree = "<group>";
		};
		044D34F92A7E3134004A1565 /* Views */ = {
			isa = PBXGroup;
			children = (
				044D34E22A7E242A004A1565 /* Main.storyboard */,
				044D34E72A7E242C004A1565 /* LaunchScreen.storyboard */,
				045339622A94B3F90060C0E5 /* Conversations */,
				04F5DED72A8F933100DD549D /* comments */,
				04F5DEDA2A8F937B00DD549D /* post */,
				04F5DED82A8F934000DD549D /* Post Image Collection */,
				04F5DED92A8F936200DD549D /* Attachment Image Collection */,
				04926A0B2A9C65D500BC284F /* message */,
			);
			path = Views;
			sourceTree = "<group>";
		};
		044D34FA2A7E3170004A1565 /* Controller */ = {
			isa = PBXGroup;
			children = (
				044D34FC2A7E31B6004A1565 /* SignUpVC.swift */,
				044D352B2A83AB41004A1565 /* HomeVC.swift */,
				044D351E2A8262A9004A1565 /* DeatilView.swift */,
				045339532A93552E0060C0E5 /* CommentVC.swift */,
				045339602A94B30B0060C0E5 /* ConversationVC.swift */,
				045339702A94C3440060C0E5 /* AvailableUsersVC.swift */,
				04D3C4232A95FBC200948F84 /* MessagesVC.swift */,
				042C3E662A9785FF0064C6D3 /* ProfileVC.swift */,
				041E74152A9A03CB00E90279 /* GlobalMessageVC.swift */,
			);
			path = Controller;
			sourceTree = "<group>";
		};
		044D34FB2A7E317A004A1565 /* Models */ = {
			isa = PBXGroup;
			children = (
				044D35002A7E6E0D004A1565 /* UserAuthentication.swift */,
				04A21D782A876711004F87F1 /* AttachmentImageDataSource.swift */,
				045339552A9374750060C0E5 /* Protocols.swift */,
				045339672A94B74F0060C0E5 /* postmodels */,
				045339682A94B7780060C0E5 /* CommentModels */,
				045339692A94B78E0060C0E5 /* ConversationModels */,
				04D3C4222A95FB2300948F84 /* MessageModels */,
				041E74142A9A039E00E90279 /* GlobalMessageModels */,
				045339762A94CC430060C0E5 /* UserModel.swift */,
			);
			path = Models;
			sourceTree = "<group>";
		};
		045339622A94B3F90060C0E5 /* Conversations */ = {
			isa = PBXGroup;
			children = (
				045339632A94B41D0060C0E5 /* ConversationCell.swift */,
				045339652A94B4430060C0E5 /* ConversationCell.xib */,
				045339722A94C46F0060C0E5 /* AvailableUserCell.xib */,
				045339742A94C4910060C0E5 /* AvailableUserCell.swift */,
			);
			path = Conversations;
			sourceTree = "<group>";
		};
		045339672A94B74F0060C0E5 /* postmodels */ = {
			isa = PBXGroup;
			children = (
				044D35202A835643004A1565 /* PostModel.swift */,
				04F5DECB2A8B518E00DD549D /* AddNewPost.swift */,
				04F5DECF2A8E1FAD00DD549D /* loadPosts.swift */,
			);
			path = postmodels;
			sourceTree = "<group>";
		};
		045339682A94B7780060C0E5 /* CommentModels */ = {
			isa = PBXGroup;
			children = (
				045339572A937E9D0060C0E5 /* AddComments.swift */,
				045339592A937EDD0060C0E5 /* LoadComments.swift */,
				0453395B2A937F310060C0E5 /* ComentModel.swift */,
			);
			path = CommentModels;
			sourceTree = "<group>";
		};
		045339692A94B78E0060C0E5 /* ConversationModels */ = {
			isa = PBXGroup;
			children = (
				0453396A2A94B7CE0060C0E5 /* ConversationModel.swift */,
				0453396C2A94BA430060C0E5 /* LoadConversations.swift */,
				0453396E2A94C2C50060C0E5 /* AvailableUsers.swift */,
				042C3E642A971CE40064C6D3 /* AddConversation.swift */,
			);
			path = ConversationModels;
			sourceTree = "<group>";
		};
		04926A0B2A9C65D500BC284F /* message */ = {
			isa = PBXGroup;
			children = (
				04D3C4252A95FD3100948F84 /* MessageCell.xib */,
				04D3C4272A95FD4800948F84 /* MessageCell.swift */,
			);
			path = message;
			sourceTree = "<group>";
		};
		04D3C4222A95FB2300948F84 /* MessageModels */ = {
			isa = PBXGroup;
			children = (
				04D3C4292A96049200948F84 /* LoadMessages.swift */,
				04D3C42B2A9604CB00948F84 /* MessageModel.swift */,
				04D3C42F2A9606E600948F84 /* AddMessage.swift */,
			);
			path = MessageModels;
			sourceTree = "<group>";
		};
		04F5DED72A8F933100DD549D /* comments */ = {
			isa = PBXGroup;
			children = (
				04F5DEDB2A8F939E00DD549D /* CommentCell.xib */,
				04F5DEDD2A8F93A800DD549D /* CommentCell.swift */,
			);
			path = comments;
			sourceTree = "<group>";
		};
		04F5DED82A8F934000DD549D /* Post Image Collection */ = {
			isa = PBXGroup;
			children = (
				044D35132A821B53004A1565 /* CollectionCell.xib */,
				044D35152A821B88004A1565 /* CollectionCell.swift */,
			);
			path = "Post Image Collection";
			sourceTree = "<group>";
		};
		04F5DED92A8F936200DD549D /* Attachment Image Collection */ = {
			isa = PBXGroup;
			children = (
				045E8CE82A84CE43004A1051 /* AttachmentCell.swift */,
				04A21D7C2A876914004F87F1 /* AttachmentCell.xib */,
			);
			path = "Attachment Image Collection";
			sourceTree = "<group>";
		};
		04F5DEDA2A8F937B00DD549D /* post */ = {
			isa = PBXGroup;
			children = (
				044D35082A80FDA8004A1565 /* PostCell.xib */,
				044D350A2A80FDF3004A1565 /* PostCell.swift */,
				04F5DEDF2A8F957700DD549D /* PostImageCollectionView.swift */,
			);
			path = post;
			sourceTree = "<group>";
		};
		07346C3A2774873B8B095006 /* Frameworks */ = {
			isa = PBXGroup;
			children = (
				F8C997C45C0205134AF393DB /* Pods_YouAll_Chat.framework */,
			);
			name = Frameworks;
			sourceTree = "<group>";
		};
		7DD0F4176A83E32D3B922624 /* Pods */ = {
			isa = PBXGroup;
			children = (
				6D284270AE12B221E56C4A80 /* Pods-YouAll Chat.debug.xcconfig */,
				51E49D0A9B2660423584C50D /* Pods-YouAll Chat.release.xcconfig */,
			);
			path = Pods;
			sourceTree = "<group>";
		};
/* End PBXGroup section */

/* Begin PBXNativeTarget section */
		044D34D82A7E242A004A1565 /* YouAll Chat */ = {
			isa = PBXNativeTarget;
			buildConfigurationList = 044D34ED2A7E242C004A1565 /* Build configuration list for PBXNativeTarget "YouAll Chat" */;
			buildPhases = (
				6DDB23147B948E23B8C939BA /* [CP] Check Pods Manifest.lock */,
				044D34D52A7E242A004A1565 /* Sources */,
				044D34D62A7E242A004A1565 /* Frameworks */,
				044D34D72A7E242A004A1565 /* Resources */,
			);
			buildRules = (
			);
			dependencies = (
			);
			name = "YouAll Chat";
			packageProductDependencies = (
				044D351C2A823A2F004A1565 /* Kingfisher */,
				0453395E2A9488E90060C0E5 /* IQKeyboardManagerSwift */,
				042C3E2E2A9719A40064C6D3 /* FirebaseAnalytics */,
				042C3E302A9719A40064C6D3 /* FirebaseAnalyticsOnDeviceConversion */,
				042C3E322A9719A40064C6D3 /* FirebaseAnalyticsSwift */,
				042C3E342A9719A40064C6D3 /* FirebaseAnalyticsWithoutAdIdSupport */,
				042C3E362A9719A40064C6D3 /* FirebaseAppCheck */,
				042C3E382A9719A40064C6D3 /* FirebaseAppDistribution-Beta */,
				042C3E3A2A9719A40064C6D3 /* FirebaseAuth */,
				042C3E3C2A9719A40064C6D3 /* FirebaseAuthCombine-Community */,
				042C3E3E2A9719A40064C6D3 /* FirebaseCrashlytics */,
				042C3E402A9719A40064C6D3 /* FirebaseDatabase */,
				042C3E422A9719A40064C6D3 /* FirebaseDatabaseSwift */,
				042C3E442A9719A40064C6D3 /* FirebaseDynamicLinks */,
				042C3E462A9719A40064C6D3 /* FirebaseFirestore */,
				042C3E482A9719A40064C6D3 /* FirebaseFirestoreCombine-Community */,
				042C3E4A2A9719A40064C6D3 /* FirebaseFirestoreSwift */,
				042C3E4C2A9719A40064C6D3 /* FirebaseFunctions */,
				042C3E4E2A9719A40064C6D3 /* FirebaseFunctionsCombine-Community */,
				042C3E502A9719A40064C6D3 /* FirebaseInAppMessaging-Beta */,
				042C3E522A9719A40064C6D3 /* FirebaseInAppMessagingSwift-Beta */,
				042C3E542A9719A40064C6D3 /* FirebaseInstallations */,
				042C3E562A9719A40064C6D3 /* FirebaseMLModelDownloader */,
				042C3E582A9719A40064C6D3 /* FirebaseMessaging */,
				042C3E5A2A9719A40064C6D3 /* FirebasePerformance */,
				042C3E5C2A9719A40064C6D3 /* FirebaseRemoteConfig */,
				042C3E5E2A9719A40064C6D3 /* FirebaseRemoteConfigSwift */,
				042C3E602A9719A40064C6D3 /* FirebaseStorage */,
				042C3E622A9719A40064C6D3 /* FirebaseStorageCombine-Community */,
			);
			productName = "YouAll Chat";
			productReference = 044D34D92A7E242A004A1565 /* YouAll Chat.app */;
			productType = "com.apple.product-type.application";
		};
/* End PBXNativeTarget section */

/* Begin PBXProject section */
		044D34D12A7E242A004A1565 /* Project object */ = {
			isa = PBXProject;
			attributes = {
				BuildIndependentTargetsInParallel = 1;
				LastSwiftUpdateCheck = 1430;
				LastUpgradeCheck = 1430;
				TargetAttributes = {
					044D34D82A7E242A004A1565 = {
						CreatedOnToolsVersion = 14.3.1;
					};
				};
			};
			buildConfigurationList = 044D34D42A7E242A004A1565 /* Build configuration list for PBXProject "YouAll Chat" */;
			compatibilityVersion = "Xcode 14.0";
			developmentRegion = en;
			hasScannedForEncodings = 0;
			knownRegions = (
				en,
				Base,
			);
			mainGroup = 044D34D02A7E242A004A1565;
			packageReferences = (
				044D351B2A823A2F004A1565 /* XCRemoteSwiftPackageReference "Kingfisher" */,
				0453395D2A9488E80060C0E5 /* XCRemoteSwiftPackageReference "IQKeyboardManager" */,
				042C3E2D2A9719A40064C6D3 /* XCRemoteSwiftPackageReference "firebase-ios-sdk" */,
			);
			productRefGroup = 044D34DA2A7E242A004A1565 /* Products */;
			projectDirPath = "";
			projectRoot = "";
			targets = (
				044D34D82A7E242A004A1565 /* YouAll Chat */,
			);
		};
/* End PBXProject section */

/* Begin PBXResourcesBuildPhase section */
		044D34D72A7E242A004A1565 /* Resources */ = {
			isa = PBXResourcesBuildPhase;
			buildActionMask = 2147483647;
			files = (
				045339732A94C46F0060C0E5 /* AvailableUserCell.xib in Resources */,
				045339662A94B4430060C0E5 /* ConversationCell.xib in Resources */,
				044D34E92A7E242C004A1565 /* LaunchScreen.storyboard in Resources */,
				044D35092A80FDA8004A1565 /* PostCell.xib in Resources */,
				04D3C4262A95FD3100948F84 /* MessageCell.xib in Resources */,
				044D35142A821B53004A1565 /* CollectionCell.xib in Resources */,
				04A21D7D2A876914004F87F1 /* AttachmentCell.xib in Resources */,
				044D34E62A7E242C004A1565 /* Assets.xcassets in Resources */,
				04F5DEDC2A8F939E00DD549D /* CommentCell.xib in Resources */,
				044D34E42A7E242A004A1565 /* Main.storyboard in Resources */,
				04A21D732A86517E004F87F1 /* GoogleService-Info.plist in Resources */,
			);
			runOnlyForDeploymentPostprocessing = 0;
		};
/* End PBXResourcesBuildPhase section */

/* Begin PBXShellScriptBuildPhase section */
		6DDB23147B948E23B8C939BA /* [CP] Check Pods Manifest.lock */ = {
			isa = PBXShellScriptBuildPhase;
			buildActionMask = 2147483647;
			files = (
			);
			inputFileListPaths = (
			);
			inputPaths = (
				"${PODS_PODFILE_DIR_PATH}/Podfile.lock",
				"${PODS_ROOT}/Manifest.lock",
			);
			name = "[CP] Check Pods Manifest.lock";
			outputFileListPaths = (
			);
			outputPaths = (
				"$(DERIVED_FILE_DIR)/Pods-YouAll Chat-checkManifestLockResult.txt",
			);
			runOnlyForDeploymentPostprocessing = 0;
			shellPath = /bin/sh;
			shellScript = "diff \"${PODS_PODFILE_DIR_PATH}/Podfile.lock\" \"${PODS_ROOT}/Manifest.lock\" > /dev/null\nif [ $? != 0 ] ; then\n    # print error to STDERR\n    echo \"error: The sandbox is not in sync with the Podfile.lock. Run 'pod install' or update your CocoaPods installation.\" >&2\n    exit 1\nfi\n# This output is used by Xcode 'outputs' to avoid re-running this script phase.\necho \"SUCCESS\" > \"${SCRIPT_OUTPUT_FILE_0}\"\n";
			showEnvVarsInLog = 0;
		};
/* End PBXShellScriptBuildPhase section */

/* Begin PBXSourcesBuildPhase section */
		044D34D52A7E242A004A1565 /* Sources */ = {
			isa = PBXSourcesBuildPhase;
			buildActionMask = 2147483647;
			files = (
				045E8CE92A84CE43004A1051 /* AttachmentCell.swift in Sources */,
				04D3C4302A9606E600948F84 /* AddMessage.swift in Sources */,
				045339582A937E9D0060C0E5 /* AddComments.swift in Sources */,
				045339752A94C4910060C0E5 /* AvailableUserCell.swift in Sources */,
				045339772A94CC430060C0E5 /* UserModel.swift in Sources */,
				04F5DED02A8E1FAD00DD549D /* loadPosts.swift in Sources */,
				042C3E672A9785FF0064C6D3 /* ProfileVC.swift in Sources */,
				04D3C42A2A96049200948F84 /* LoadMessages.swift in Sources */,
				044D35012A7E6E0D004A1565 /* UserAuthentication.swift in Sources */,
				045339562A9374750060C0E5 /* Protocols.swift in Sources */,
				041E741C2A9A094600E90279 /* GlobalMEssageModel.swift in Sources */,
				04D3C4282A95FD4800948F84 /* MessageCell.swift in Sources */,
				044D35232A8361B9004A1565 /* Constants.swift in Sources */,
				04A21D792A876711004F87F1 /* AttachmentImageDataSource.swift in Sources */,
				0453395A2A937EDD0060C0E5 /* LoadComments.swift in Sources */,
				044D35212A835643004A1565 /* PostModel.swift in Sources */,
				0453396D2A94BA430060C0E5 /* LoadConversations.swift in Sources */,
				04F5DECC2A8B518E00DD549D /* AddNewPost.swift in Sources */,
				044D34DD2A7E242A004A1565 /* AppDelegate.swift in Sources */,
				04F5DEE02A8F957700DD549D /* PostImageCollectionView.swift in Sources */,
				044D34FD2A7E31B6004A1565 /* SignUpVC.swift in Sources */,
				041E74182A9A055600E90279 /* AddGlobalMessage.swift in Sources */,
				0453396F2A94C2C50060C0E5 /* AvailableUsers.swift in Sources */,
				04D3C42C2A9604CB00948F84 /* MessageModel.swift in Sources */,
				045339612A94B30B0060C0E5 /* ConversationVC.swift in Sources */,
				04D3C4242A95FBC200948F84 /* MessagesVC.swift in Sources */,
				04F5DEDE2A8F93A800DD549D /* CommentCell.swift in Sources */,
				044D350B2A80FDF3004A1565 /* PostCell.swift in Sources */,
				041E74162A9A03CB00E90279 /* GlobalMessageVC.swift in Sources */,
				0453395C2A937F310060C0E5 /* ComentModel.swift in Sources */,
				045339542A93552E0060C0E5 /* CommentVC.swift in Sources */,
				044D35162A821B88004A1565 /* CollectionCell.swift in Sources */,
				041E741A2A9A082000E90279 /* LoadGlobalMessage.swift in Sources */,
				045339642A94B41D0060C0E5 /* ConversationCell.swift in Sources */,
				044D34DF2A7E242A004A1565 /* SceneDelegate.swift in Sources */,
				045339712A94C3440060C0E5 /* AvailableUsersVC.swift in Sources */,
				042C3E652A971CE40064C6D3 /* AddConversation.swift in Sources */,
				044D351F2A8262A9004A1565 /* DeatilView.swift in Sources */,
				0453396B2A94B7CE0060C0E5 /* ConversationModel.swift in Sources */,
				044D352C2A83AB41004A1565 /* HomeVC.swift in Sources */,
			);
			runOnlyForDeploymentPostprocessing = 0;
		};
/* End PBXSourcesBuildPhase section */

/* Begin PBXVariantGroup section */
		044D34E22A7E242A004A1565 /* Main.storyboard */ = {
			isa = PBXVariantGroup;
			children = (
				044D34E32A7E242A004A1565 /* Base */,
			);
			name = Main.storyboard;
			sourceTree = "<group>";
		};
		044D34E72A7E242C004A1565 /* LaunchScreen.storyboard */ = {
			isa = PBXVariantGroup;
			children = (
				044D34E82A7E242C004A1565 /* Base */,
			);
			name = LaunchScreen.storyboard;
			sourceTree = "<group>";
		};
/* End PBXVariantGroup section */

/* Begin XCBuildConfiguration section */
		044D34EB2A7E242C004A1565 /* Debug */ = {
			isa = XCBuildConfiguration;
			buildSettings = {
				ALWAYS_SEARCH_USER_PATHS = NO;
				CLANG_ANALYZER_NONNULL = YES;
				CLANG_ANALYZER_NUMBER_OBJECT_CONVERSION = YES_AGGRESSIVE;
				CLANG_CXX_LANGUAGE_STANDARD = "gnu++20";
				CLANG_ENABLE_MODULES = YES;
				CLANG_ENABLE_OBJC_ARC = YES;
				CLANG_ENABLE_OBJC_WEAK = YES;
				CLANG_WARN_BLOCK_CAPTURE_AUTORELEASING = YES;
				CLANG_WARN_BOOL_CONVERSION = YES;
				CLANG_WARN_COMMA = YES;
				CLANG_WARN_CONSTANT_CONVERSION = YES;
				CLANG_WARN_DEPRECATED_OBJC_IMPLEMENTATIONS = YES;
				CLANG_WARN_DIRECT_OBJC_ISA_USAGE = YES_ERROR;
				CLANG_WARN_DOCUMENTATION_COMMENTS = YES;
				CLANG_WARN_EMPTY_BODY = YES;
				CLANG_WARN_ENUM_CONVERSION = YES;
				CLANG_WARN_INFINITE_RECURSION = YES;
				CLANG_WARN_INT_CONVERSION = YES;
				CLANG_WARN_NON_LITERAL_NULL_CONVERSION = YES;
				CLANG_WARN_OBJC_IMPLICIT_RETAIN_SELF = YES;
				CLANG_WARN_OBJC_LITERAL_CONVERSION = YES;
				CLANG_WARN_OBJC_ROOT_CLASS = YES_ERROR;
				CLANG_WARN_QUOTED_INCLUDE_IN_FRAMEWORK_HEADER = YES;
				CLANG_WARN_RANGE_LOOP_ANALYSIS = YES;
				CLANG_WARN_STRICT_PROTOTYPES = YES;
				CLANG_WARN_SUSPICIOUS_MOVE = YES;
				CLANG_WARN_UNGUARDED_AVAILABILITY = YES_AGGRESSIVE;
				CLANG_WARN_UNREACHABLE_CODE = YES;
				CLANG_WARN__DUPLICATE_METHOD_MATCH = YES;
				COPY_PHASE_STRIP = NO;
				DEBUG_INFORMATION_FORMAT = dwarf;
				ENABLE_STRICT_OBJC_MSGSEND = YES;
				ENABLE_TESTABILITY = YES;
				GCC_C_LANGUAGE_STANDARD = gnu11;
				GCC_DYNAMIC_NO_PIC = NO;
				GCC_NO_COMMON_BLOCKS = YES;
				GCC_OPTIMIZATION_LEVEL = 0;
				GCC_PREPROCESSOR_DEFINITIONS = (
					"DEBUG=1",
					"$(inherited)",
				);
				GCC_WARN_64_TO_32_BIT_CONVERSION = YES;
				GCC_WARN_ABOUT_RETURN_TYPE = YES_ERROR;
				GCC_WARN_UNDECLARED_SELECTOR = YES;
				GCC_WARN_UNINITIALIZED_AUTOS = YES_AGGRESSIVE;
				GCC_WARN_UNUSED_FUNCTION = YES;
				GCC_WARN_UNUSED_VARIABLE = YES;
				IPHONEOS_DEPLOYMENT_TARGET = 16.4;
				MTL_ENABLE_DEBUG_INFO = INCLUDE_SOURCE;
				MTL_FAST_MATH = YES;
				ONLY_ACTIVE_ARCH = YES;
				SDKROOT = iphoneos;
				SWIFT_ACTIVE_COMPILATION_CONDITIONS = DEBUG;
				SWIFT_OPTIMIZATION_LEVEL = "-Onone";
			};
			name = Debug;
		};
		044D34EC2A7E242C004A1565 /* Release */ = {
			isa = XCBuildConfiguration;
			buildSettings = {
				ALWAYS_SEARCH_USER_PATHS = NO;
				CLANG_ANALYZER_NONNULL = YES;
				CLANG_ANALYZER_NUMBER_OBJECT_CONVERSION = YES_AGGRESSIVE;
				CLANG_CXX_LANGUAGE_STANDARD = "gnu++20";
				CLANG_ENABLE_MODULES = YES;
				CLANG_ENABLE_OBJC_ARC = YES;
				CLANG_ENABLE_OBJC_WEAK = YES;
				CLANG_WARN_BLOCK_CAPTURE_AUTORELEASING = YES;
				CLANG_WARN_BOOL_CONVERSION = YES;
				CLANG_WARN_COMMA = YES;
				CLANG_WARN_CONSTANT_CONVERSION = YES;
				CLANG_WARN_DEPRECATED_OBJC_IMPLEMENTATIONS = YES;
				CLANG_WARN_DIRECT_OBJC_ISA_USAGE = YES_ERROR;
				CLANG_WARN_DOCUMENTATION_COMMENTS = YES;
				CLANG_WARN_EMPTY_BODY = YES;
				CLANG_WARN_ENUM_CONVERSION = YES;
				CLANG_WARN_INFINITE_RECURSION = YES;
				CLANG_WARN_INT_CONVERSION = YES;
				CLANG_WARN_NON_LITERAL_NULL_CONVERSION = YES;
				CLANG_WARN_OBJC_IMPLICIT_RETAIN_SELF = YES;
				CLANG_WARN_OBJC_LITERAL_CONVERSION = YES;
				CLANG_WARN_OBJC_ROOT_CLASS = YES_ERROR;
				CLANG_WARN_QUOTED_INCLUDE_IN_FRAMEWORK_HEADER = YES;
				CLANG_WARN_RANGE_LOOP_ANALYSIS = YES;
				CLANG_WARN_STRICT_PROTOTYPES = YES;
				CLANG_WARN_SUSPICIOUS_MOVE = YES;
				CLANG_WARN_UNGUARDED_AVAILABILITY = YES_AGGRESSIVE;
				CLANG_WARN_UNREACHABLE_CODE = YES;
				CLANG_WARN__DUPLICATE_METHOD_MATCH = YES;
				COPY_PHASE_STRIP = NO;
				DEBUG_INFORMATION_FORMAT = "dwarf-with-dsym";
				ENABLE_NS_ASSERTIONS = NO;
				ENABLE_STRICT_OBJC_MSGSEND = YES;
				GCC_C_LANGUAGE_STANDARD = gnu11;
				GCC_NO_COMMON_BLOCKS = YES;
				GCC_WARN_64_TO_32_BIT_CONVERSION = YES;
				GCC_WARN_ABOUT_RETURN_TYPE = YES_ERROR;
				GCC_WARN_UNDECLARED_SELECTOR = YES;
				GCC_WARN_UNINITIALIZED_AUTOS = YES_AGGRESSIVE;
				GCC_WARN_UNUSED_FUNCTION = YES;
				GCC_WARN_UNUSED_VARIABLE = YES;
				IPHONEOS_DEPLOYMENT_TARGET = 16.4;
				MTL_ENABLE_DEBUG_INFO = NO;
				MTL_FAST_MATH = YES;
				SDKROOT = iphoneos;
				SWIFT_COMPILATION_MODE = wholemodule;
				SWIFT_OPTIMIZATION_LEVEL = "-O";
				VALIDATE_PRODUCT = YES;
			};
			name = Release;
		};
		044D34EE2A7E242C004A1565 /* Debug */ = {
			isa = XCBuildConfiguration;
			baseConfigurationReference = 6D284270AE12B221E56C4A80 /* Pods-YouAll Chat.debug.xcconfig */;
			buildSettings = {
				ASSETCATALOG_COMPILER_APPICON_NAME = AppIcon;
				ASSETCATALOG_COMPILER_GLOBAL_ACCENT_COLOR_NAME = AccentColor;
				CODE_SIGN_STYLE = Automatic;
				CURRENT_PROJECT_VERSION = 1;
				DEVELOPMENT_TEAM = M9T4426853;
				GENERATE_INFOPLIST_FILE = YES;
				INFOPLIST_FILE = "YouAll Chat/Info.plist";
				INFOPLIST_KEY_UIApplicationSupportsIndirectInputEvents = YES;
				INFOPLIST_KEY_UILaunchStoryboardName = LaunchScreen;
				INFOPLIST_KEY_UIMainStoryboardFile = Main;
				INFOPLIST_KEY_UISupportedInterfaceOrientations_iPad = "UIInterfaceOrientationPortrait UIInterfaceOrientationPortraitUpsideDown UIInterfaceOrientationLandscapeLeft UIInterfaceOrientationLandscapeRight";
				INFOPLIST_KEY_UISupportedInterfaceOrientations_iPhone = "UIInterfaceOrientationPortrait UIInterfaceOrientationLandscapeLeft UIInterfaceOrientationLandscapeRight";
				LD_RUNPATH_SEARCH_PATHS = (
					"$(inherited)",
					"@executable_path/Frameworks",
				);
				MARKETING_VERSION = 1.0;
				PRODUCT_BUNDLE_IDENTIFIER = "com.cgtest.YouAll-Chat";
				PRODUCT_NAME = "$(TARGET_NAME)";
				SWIFT_EMIT_LOC_STRINGS = YES;
				SWIFT_VERSION = 5.0;
				TARGETED_DEVICE_FAMILY = "1,2";
			};
			name = Debug;
		};
		044D34EF2A7E242C004A1565 /* Release */ = {
			isa = XCBuildConfiguration;
			baseConfigurationReference = 51E49D0A9B2660423584C50D /* Pods-YouAll Chat.release.xcconfig */;
			buildSettings = {
				ASSETCATALOG_COMPILER_APPICON_NAME = AppIcon;
				ASSETCATALOG_COMPILER_GLOBAL_ACCENT_COLOR_NAME = AccentColor;
				CODE_SIGN_STYLE = Automatic;
				CURRENT_PROJECT_VERSION = 1;
				DEVELOPMENT_TEAM = M9T4426853;
				GENERATE_INFOPLIST_FILE = YES;
				INFOPLIST_FILE = "YouAll Chat/Info.plist";
				INFOPLIST_KEY_UIApplicationSupportsIndirectInputEvents = YES;
				INFOPLIST_KEY_UILaunchStoryboardName = LaunchScreen;
				INFOPLIST_KEY_UIMainStoryboardFile = Main;
				INFOPLIST_KEY_UISupportedInterfaceOrientations_iPad = "UIInterfaceOrientationPortrait UIInterfaceOrientationPortraitUpsideDown UIInterfaceOrientationLandscapeLeft UIInterfaceOrientationLandscapeRight";
				INFOPLIST_KEY_UISupportedInterfaceOrientations_iPhone = "UIInterfaceOrientationPortrait UIInterfaceOrientationLandscapeLeft UIInterfaceOrientationLandscapeRight";
				LD_RUNPATH_SEARCH_PATHS = (
					"$(inherited)",
					"@executable_path/Frameworks",
				);
				MARKETING_VERSION = 1.0;
				PRODUCT_BUNDLE_IDENTIFIER = "com.cgtest.YouAll-Chat";
				PRODUCT_NAME = "$(TARGET_NAME)";
				SWIFT_EMIT_LOC_STRINGS = YES;
				SWIFT_VERSION = 5.0;
				TARGETED_DEVICE_FAMILY = "1,2";
			};
			name = Release;
		};
/* End XCBuildConfiguration section */

/* Begin XCConfigurationList section */
		044D34D42A7E242A004A1565 /* Build configuration list for PBXProject "YouAll Chat" */ = {
			isa = XCConfigurationList;
			buildConfigurations = (
				044D34EB2A7E242C004A1565 /* Debug */,
				044D34EC2A7E242C004A1565 /* Release */,
			);
			defaultConfigurationIsVisible = 0;
			defaultConfigurationName = Release;
		};
		044D34ED2A7E242C004A1565 /* Build configuration list for PBXNativeTarget "YouAll Chat" */ = {
			isa = XCConfigurationList;
			buildConfigurations = (
				044D34EE2A7E242C004A1565 /* Debug */,
				044D34EF2A7E242C004A1565 /* Release */,
			);
			defaultConfigurationIsVisible = 0;
			defaultConfigurationName = Release;
		};
/* End XCConfigurationList section */

/* Begin XCRemoteSwiftPackageReference section */
		042C3E2D2A9719A40064C6D3 /* XCRemoteSwiftPackageReference "firebase-ios-sdk" */ = {
			isa = XCRemoteSwiftPackageReference;
			repositoryURL = "https://github.com/firebase/firebase-ios-sdk";
			requirement = {
				kind = upToNextMajorVersion;
				minimumVersion = 10.0.0;
			};
		};
		044D351B2A823A2F004A1565 /* XCRemoteSwiftPackageReference "Kingfisher" */ = {
			isa = XCRemoteSwiftPackageReference;
			repositoryURL = "https://github.com/onevcat/Kingfisher.git";
			requirement = {
				kind = upToNextMajorVersion;
				minimumVersion = 7.0.0;
			};
		};
		0453395D2A9488E80060C0E5 /* XCRemoteSwiftPackageReference "IQKeyboardManager" */ = {
			isa = XCRemoteSwiftPackageReference;
			repositoryURL = "https://github.com/hackiftekhar/IQKeyboardManager.git";
			requirement = {
				kind = upToNextMajorVersion;
				minimumVersion = 6.0.0;
			};
		};
/* End XCRemoteSwiftPackageReference section */

/* Begin XCSwiftPackageProductDependency section */
		042C3E2E2A9719A40064C6D3 /* FirebaseAnalytics */ = {
			isa = XCSwiftPackageProductDependency;
			package = 042C3E2D2A9719A40064C6D3 /* XCRemoteSwiftPackageReference "firebase-ios-sdk" */;
			productName = FirebaseAnalytics;
		};
		042C3E302A9719A40064C6D3 /* FirebaseAnalyticsOnDeviceConversion */ = {
			isa = XCSwiftPackageProductDependency;
			package = 042C3E2D2A9719A40064C6D3 /* XCRemoteSwiftPackageReference "firebase-ios-sdk" */;
			productName = FirebaseAnalyticsOnDeviceConversion;
		};
		042C3E322A9719A40064C6D3 /* FirebaseAnalyticsSwift */ = {
			isa = XCSwiftPackageProductDependency;
			package = 042C3E2D2A9719A40064C6D3 /* XCRemoteSwiftPackageReference "firebase-ios-sdk" */;
			productName = FirebaseAnalyticsSwift;
		};
		042C3E342A9719A40064C6D3 /* FirebaseAnalyticsWithoutAdIdSupport */ = {
			isa = XCSwiftPackageProductDependency;
			package = 042C3E2D2A9719A40064C6D3 /* XCRemoteSwiftPackageReference "firebase-ios-sdk" */;
			productName = FirebaseAnalyticsWithoutAdIdSupport;
		};
		042C3E362A9719A40064C6D3 /* FirebaseAppCheck */ = {
			isa = XCSwiftPackageProductDependency;
			package = 042C3E2D2A9719A40064C6D3 /* XCRemoteSwiftPackageReference "firebase-ios-sdk" */;
			productName = FirebaseAppCheck;
		};
		042C3E382A9719A40064C6D3 /* FirebaseAppDistribution-Beta */ = {
			isa = XCSwiftPackageProductDependency;
			package = 042C3E2D2A9719A40064C6D3 /* XCRemoteSwiftPackageReference "firebase-ios-sdk" */;
			productName = "FirebaseAppDistribution-Beta";
		};
		042C3E3A2A9719A40064C6D3 /* FirebaseAuth */ = {
			isa = XCSwiftPackageProductDependency;
			package = 042C3E2D2A9719A40064C6D3 /* XCRemoteSwiftPackageReference "firebase-ios-sdk" */;
			productName = FirebaseAuth;
		};
		042C3E3C2A9719A40064C6D3 /* FirebaseAuthCombine-Community */ = {
			isa = XCSwiftPackageProductDependency;
			package = 042C3E2D2A9719A40064C6D3 /* XCRemoteSwiftPackageReference "firebase-ios-sdk" */;
			productName = "FirebaseAuthCombine-Community";
		};
		042C3E3E2A9719A40064C6D3 /* FirebaseCrashlytics */ = {
			isa = XCSwiftPackageProductDependency;
			package = 042C3E2D2A9719A40064C6D3 /* XCRemoteSwiftPackageReference "firebase-ios-sdk" */;
			productName = FirebaseCrashlytics;
		};
		042C3E402A9719A40064C6D3 /* FirebaseDatabase */ = {
			isa = XCSwiftPackageProductDependency;
			package = 042C3E2D2A9719A40064C6D3 /* XCRemoteSwiftPackageReference "firebase-ios-sdk" */;
			productName = FirebaseDatabase;
		};
		042C3E422A9719A40064C6D3 /* FirebaseDatabaseSwift */ = {
			isa = XCSwiftPackageProductDependency;
			package = 042C3E2D2A9719A40064C6D3 /* XCRemoteSwiftPackageReference "firebase-ios-sdk" */;
			productName = FirebaseDatabaseSwift;
		};
		042C3E442A9719A40064C6D3 /* FirebaseDynamicLinks */ = {
			isa = XCSwiftPackageProductDependency;
			package = 042C3E2D2A9719A40064C6D3 /* XCRemoteSwiftPackageReference "firebase-ios-sdk" */;
			productName = FirebaseDynamicLinks;
		};
		042C3E462A9719A40064C6D3 /* FirebaseFirestore */ = {
			isa = XCSwiftPackageProductDependency;
			package = 042C3E2D2A9719A40064C6D3 /* XCRemoteSwiftPackageReference "firebase-ios-sdk" */;
			productName = FirebaseFirestore;
		};
		042C3E482A9719A40064C6D3 /* FirebaseFirestoreCombine-Community */ = {
			isa = XCSwiftPackageProductDependency;
			package = 042C3E2D2A9719A40064C6D3 /* XCRemoteSwiftPackageReference "firebase-ios-sdk" */;
			productName = "FirebaseFirestoreCombine-Community";
		};
		042C3E4A2A9719A40064C6D3 /* FirebaseFirestoreSwift */ = {
			isa = XCSwiftPackageProductDependency;
			package = 042C3E2D2A9719A40064C6D3 /* XCRemoteSwiftPackageReference "firebase-ios-sdk" */;
			productName = FirebaseFirestoreSwift;
		};
		042C3E4C2A9719A40064C6D3 /* FirebaseFunctions */ = {
			isa = XCSwiftPackageProductDependency;
			package = 042C3E2D2A9719A40064C6D3 /* XCRemoteSwiftPackageReference "firebase-ios-sdk" */;
			productName = FirebaseFunctions;
		};
		042C3E4E2A9719A40064C6D3 /* FirebaseFunctionsCombine-Community */ = {
			isa = XCSwiftPackageProductDependency;
			package = 042C3E2D2A9719A40064C6D3 /* XCRemoteSwiftPackageReference "firebase-ios-sdk" */;
			productName = "FirebaseFunctionsCombine-Community";
		};
		042C3E502A9719A40064C6D3 /* FirebaseInAppMessaging-Beta */ = {
			isa = XCSwiftPackageProductDependency;
			package = 042C3E2D2A9719A40064C6D3 /* XCRemoteSwiftPackageReference "firebase-ios-sdk" */;
			productName = "FirebaseInAppMessaging-Beta";
		};
		042C3E522A9719A40064C6D3 /* FirebaseInAppMessagingSwift-Beta */ = {
			isa = XCSwiftPackageProductDependency;
			package = 042C3E2D2A9719A40064C6D3 /* XCRemoteSwiftPackageReference "firebase-ios-sdk" */;
			productName = "FirebaseInAppMessagingSwift-Beta";
		};
		042C3E542A9719A40064C6D3 /* FirebaseInstallations */ = {
			isa = XCSwiftPackageProductDependency;
			package = 042C3E2D2A9719A40064C6D3 /* XCRemoteSwiftPackageReference "firebase-ios-sdk" */;
			productName = FirebaseInstallations;
		};
		042C3E562A9719A40064C6D3 /* FirebaseMLModelDownloader */ = {
			isa = XCSwiftPackageProductDependency;
			package = 042C3E2D2A9719A40064C6D3 /* XCRemoteSwiftPackageReference "firebase-ios-sdk" */;
			productName = FirebaseMLModelDownloader;
		};
		042C3E582A9719A40064C6D3 /* FirebaseMessaging */ = {
			isa = XCSwiftPackageProductDependency;
			package = 042C3E2D2A9719A40064C6D3 /* XCRemoteSwiftPackageReference "firebase-ios-sdk" */;
			productName = FirebaseMessaging;
		};
		042C3E5A2A9719A40064C6D3 /* FirebasePerformance */ = {
			isa = XCSwiftPackageProductDependency;
			package = 042C3E2D2A9719A40064C6D3 /* XCRemoteSwiftPackageReference "firebase-ios-sdk" */;
			productName = FirebasePerformance;
		};
		042C3E5C2A9719A40064C6D3 /* FirebaseRemoteConfig */ = {
			isa = XCSwiftPackageProductDependency;
			package = 042C3E2D2A9719A40064C6D3 /* XCRemoteSwiftPackageReference "firebase-ios-sdk" */;
			productName = FirebaseRemoteConfig;
		};
		042C3E5E2A9719A40064C6D3 /* FirebaseRemoteConfigSwift */ = {
			isa = XCSwiftPackageProductDependency;
			package = 042C3E2D2A9719A40064C6D3 /* XCRemoteSwiftPackageReference "firebase-ios-sdk" */;
			productName = FirebaseRemoteConfigSwift;
		};
		042C3E602A9719A40064C6D3 /* FirebaseStorage */ = {
			isa = XCSwiftPackageProductDependency;
			package = 042C3E2D2A9719A40064C6D3 /* XCRemoteSwiftPackageReference "firebase-ios-sdk" */;
			productName = FirebaseStorage;
		};
		042C3E622A9719A40064C6D3 /* FirebaseStorageCombine-Community */ = {
			isa = XCSwiftPackageProductDependency;
			package = 042C3E2D2A9719A40064C6D3 /* XCRemoteSwiftPackageReference "firebase-ios-sdk" */;
			productName = "FirebaseStorageCombine-Community";
		};
		044D351C2A823A2F004A1565 /* Kingfisher */ = {
			isa = XCSwiftPackageProductDependency;
			package = 044D351B2A823A2F004A1565 /* XCRemoteSwiftPackageReference "Kingfisher" */;
			productName = Kingfisher;
		};
		0453395E2A9488E90060C0E5 /* IQKeyboardManagerSwift */ = {
			isa = XCSwiftPackageProductDependency;
			package = 0453395D2A9488E80060C0E5 /* XCRemoteSwiftPackageReference "IQKeyboardManager" */;
			productName = IQKeyboardManagerSwift;
		};
/* End XCSwiftPackageProductDependency section */
	};
	rootObject = 044D34D12A7E242A004A1565 /* Project object */;
}
