// !$*UTF8*$!
{
	archiveVersion = 1;
	classes = {
	};
	objectVersion = 56;
	objects = {

/* Begin PBXBuildFile section */
		044D34DD2A7E242A004A1565 /* AppDelegate.swift in Sources */ = {isa = PBXBuildFile; fileRef = 044D34DC2A7E242A004A1565 /* AppDelegate.swift */; };
		044D34DF2A7E242A004A1565 /* SceneDelegate.swift in Sources */ = {isa = PBXBuildFile; fileRef = 044D34DE2A7E242A004A1565 /* SceneDelegate.swift */; };
		044D34E42A7E242A004A1565 /* Main.storyboard in Resources */ = {isa = PBXBuildFile; fileRef = 044D34E22A7E242A004A1565 /* Main.storyboard */; };
		044D34E62A7E242C004A1565 /* Assets.xcassets in Resources */ = {isa = PBXBuildFile; fileRef = 044D34E52A7E242C004A1565 /* Assets.xcassets */; };
		044D34E92A7E242C004A1565 /* LaunchScreen.storyboard in Resources */ = {isa = PBXBuildFile; fileRef = 044D34E72A7E242C004A1565 /* LaunchScreen.storyboard */; };
		044D34FD2A7E31B6004A1565 /* SignUpViewController.swift in Sources */ = {isa = PBXBuildFile; fileRef = 044D34FC2A7E31B6004A1565 /* SignUpViewController.swift */; };
		044D35012A7E6E0D004A1565 /* UserAuthentication.swift in Sources */ = {isa = PBXBuildFile; fileRef = 044D35002A7E6E0D004A1565 /* UserAuthentication.swift */; };
		044D35092A80FDA8004A1565 /* Post.xib in Resources */ = {isa = PBXBuildFile; fileRef = 044D35082A80FDA8004A1565 /* Post.xib */; };
		044D350B2A80FDF3004A1565 /* Post.swift in Sources */ = {isa = PBXBuildFile; fileRef = 044D350A2A80FDF3004A1565 /* Post.swift */; };
		044D35142A821B53004A1565 /* CollectionCell.xib in Resources */ = {isa = PBXBuildFile; fileRef = 044D35132A821B53004A1565 /* CollectionCell.xib */; };
		044D35162A821B88004A1565 /* CollectionCell.swift in Sources */ = {isa = PBXBuildFile; fileRef = 044D35152A821B88004A1565 /* CollectionCell.swift */; };
		044D35182A822BEB004A1565 /* CollectionLastCell.swift in Sources */ = {isa = PBXBuildFile; fileRef = 044D35172A822BEB004A1565 /* CollectionLastCell.swift */; };
		044D351A2A8230D5004A1565 /* CollectionLastCell.xib in Resources */ = {isa = PBXBuildFile; fileRef = 044D35192A8230D4004A1565 /* CollectionLastCell.xib */; };
		044D351D2A823A2F004A1565 /* Kingfisher in Frameworks */ = {isa = PBXBuildFile; productRef = 044D351C2A823A2F004A1565 /* Kingfisher */; };
		044D351F2A8262A9004A1565 /* DeatilView.swift in Sources */ = {isa = PBXBuildFile; fileRef = 044D351E2A8262A9004A1565 /* DeatilView.swift */; };
		044D35212A835643004A1565 /* PostModel.swift in Sources */ = {isa = PBXBuildFile; fileRef = 044D35202A835643004A1565 /* PostModel.swift */; };
		044D35232A8361B9004A1565 /* Constants.swift in Sources */ = {isa = PBXBuildFile; fileRef = 044D35222A8361B9004A1565 /* Constants.swift */; };
		044D352C2A83AB41004A1565 /* HomeViewController.swift in Sources */ = {isa = PBXBuildFile; fileRef = 044D352B2A83AB41004A1565 /* HomeViewController.swift */; };
		045E8CE92A84CE43004A1051 /* AttachmentCell.swift in Sources */ = {isa = PBXBuildFile; fileRef = 045E8CE82A84CE43004A1051 /* AttachmentCell.swift */; };
		04A21D692A8626DC004F87F1 /* FirebaseAnalytics in Frameworks */ = {isa = PBXBuildFile; productRef = 04A21D682A8626DC004F87F1 /* FirebaseAnalytics */; };
		04A21D6B2A8626DC004F87F1 /* FirebaseAppCheck in Frameworks */ = {isa = PBXBuildFile; productRef = 04A21D6A2A8626DC004F87F1 /* FirebaseAppCheck */; };
		04A21D6D2A8626DC004F87F1 /* FirebaseAuth in Frameworks */ = {isa = PBXBuildFile; productRef = 04A21D6C2A8626DC004F87F1 /* FirebaseAuth */; };
		04A21D6F2A8626DC004F87F1 /* FirebaseFirestore in Frameworks */ = {isa = PBXBuildFile; productRef = 04A21D6E2A8626DC004F87F1 /* FirebaseFirestore */; };
		04A21D712A8626DC004F87F1 /* FirebaseStorage in Frameworks */ = {isa = PBXBuildFile; productRef = 04A21D702A8626DC004F87F1 /* FirebaseStorage */; };
		04A21D732A86517E004F87F1 /* GoogleService-Info.plist in Resources */ = {isa = PBXBuildFile; fileRef = 04A21D722A86517E004F87F1 /* GoogleService-Info.plist */; };
		04A21D792A876711004F87F1 /* AttachmentImageDataSource.swift in Sources */ = {isa = PBXBuildFile; fileRef = 04A21D782A876711004F87F1 /* AttachmentImageDataSource.swift */; };
		04A21D7D2A876914004F87F1 /* AttachmentCell.xib in Resources */ = {isa = PBXBuildFile; fileRef = 04A21D7C2A876914004F87F1 /* AttachmentCell.xib */; };
		04A21D7F2A87834E004F87F1 /* AttachmentImage.swift in Sources */ = {isa = PBXBuildFile; fileRef = 04A21D7E2A87834E004F87F1 /* AttachmentImage.swift */; };
		04F5DECC2A8B518E00DD549D /* AddNewPost.swift in Sources */ = {isa = PBXBuildFile; fileRef = 04F5DECB2A8B518E00DD549D /* AddNewPost.swift */; };
		04F5DED02A8E1FAD00DD549D /* PostsDataSource.swift in Sources */ = {isa = PBXBuildFile; fileRef = 04F5DECF2A8E1FAD00DD549D /* PostsDataSource.swift */; };
		04F5DEDC2A8F939E00DD549D /* CommentCell.xib in Resources */ = {isa = PBXBuildFile; fileRef = 04F5DEDB2A8F939E00DD549D /* CommentCell.xib */; };
		04F5DEDE2A8F93A800DD549D /* CommentCell.swift in Sources */ = {isa = PBXBuildFile; fileRef = 04F5DEDD2A8F93A800DD549D /* CommentCell.swift */; };
		04F5DEE02A8F957700DD549D /* PostImageCollectionView.swift in Sources */ = {isa = PBXBuildFile; fileRef = 04F5DEDF2A8F957700DD549D /* PostImageCollectionView.swift */; };
		A3A9FB40D879CD46A41F6B4C /* Pods_YouAll_Chat.framework in Frameworks */ = {isa = PBXBuildFile; fileRef = F8C997C45C0205134AF393DB /* Pods_YouAll_Chat.framework */; };
/* End PBXBuildFile section */

/* Begin PBXFileReference section */
		044D34D92A7E242A004A1565 /* YouAll Chat.app */ = {isa = PBXFileReference; explicitFileType = wrapper.application; includeInIndex = 0; path = "YouAll Chat.app"; sourceTree = BUILT_PRODUCTS_DIR; };
		044D34DC2A7E242A004A1565 /* AppDelegate.swift */ = {isa = PBXFileReference; lastKnownFileType = sourcecode.swift; path = AppDelegate.swift; sourceTree = "<group>"; };
		044D34DE2A7E242A004A1565 /* SceneDelegate.swift */ = {isa = PBXFileReference; lastKnownFileType = sourcecode.swift; path = SceneDelegate.swift; sourceTree = "<group>"; };
		044D34E32A7E242A004A1565 /* Base */ = {isa = PBXFileReference; lastKnownFileType = file.storyboard; name = Base; path = Base.lproj/Main.storyboard; sourceTree = "<group>"; };
		044D34E52A7E242C004A1565 /* Assets.xcassets */ = {isa = PBXFileReference; lastKnownFileType = folder.assetcatalog; path = Assets.xcassets; sourceTree = "<group>"; };
		044D34E82A7E242C004A1565 /* Base */ = {isa = PBXFileReference; lastKnownFileType = file.storyboard; name = Base; path = Base.lproj/LaunchScreen.storyboard; sourceTree = "<group>"; };
		044D34EA2A7E242C004A1565 /* Info.plist */ = {isa = PBXFileReference; lastKnownFileType = text.plist.xml; path = Info.plist; sourceTree = "<group>"; };
		044D34FC2A7E31B6004A1565 /* SignUpViewController.swift */ = {isa = PBXFileReference; lastKnownFileType = sourcecode.swift; path = SignUpViewController.swift; sourceTree = "<group>"; };
		044D35002A7E6E0D004A1565 /* UserAuthentication.swift */ = {isa = PBXFileReference; lastKnownFileType = sourcecode.swift; path = UserAuthentication.swift; sourceTree = "<group>"; };
		044D35082A80FDA8004A1565 /* Post.xib */ = {isa = PBXFileReference; lastKnownFileType = file.xib; path = Post.xib; sourceTree = "<group>"; };
		044D350A2A80FDF3004A1565 /* Post.swift */ = {isa = PBXFileReference; lastKnownFileType = sourcecode.swift; path = Post.swift; sourceTree = "<group>"; };
		044D35132A821B53004A1565 /* CollectionCell.xib */ = {isa = PBXFileReference; lastKnownFileType = file.xib; path = CollectionCell.xib; sourceTree = "<group>"; };
		044D35152A821B88004A1565 /* CollectionCell.swift */ = {isa = PBXFileReference; lastKnownFileType = sourcecode.swift; path = CollectionCell.swift; sourceTree = "<group>"; };
		044D35172A822BEB004A1565 /* CollectionLastCell.swift */ = {isa = PBXFileReference; lastKnownFileType = sourcecode.swift; path = CollectionLastCell.swift; sourceTree = "<group>"; };
		044D35192A8230D4004A1565 /* CollectionLastCell.xib */ = {isa = PBXFileReference; lastKnownFileType = file.xib; path = CollectionLastCell.xib; sourceTree = "<group>"; };
		044D351E2A8262A9004A1565 /* DeatilView.swift */ = {isa = PBXFileReference; lastKnownFileType = sourcecode.swift; path = DeatilView.swift; sourceTree = "<group>"; };
		044D35202A835643004A1565 /* PostModel.swift */ = {isa = PBXFileReference; lastKnownFileType = sourcecode.swift; path = PostModel.swift; sourceTree = "<group>"; };
		044D35222A8361B9004A1565 /* Constants.swift */ = {isa = PBXFileReference; lastKnownFileType = sourcecode.swift; path = Constants.swift; sourceTree = "<group>"; };
		044D352B2A83AB41004A1565 /* HomeViewController.swift */ = {isa = PBXFileReference; fileEncoding = 4; lastKnownFileType = sourcecode.swift; path = HomeViewController.swift; sourceTree = "<group>"; };
		045E8CE82A84CE43004A1051 /* AttachmentCell.swift */ = {isa = PBXFileReference; lastKnownFileType = sourcecode.swift; path = AttachmentCell.swift; sourceTree = "<group>"; };
		04A21D722A86517E004F87F1 /* GoogleService-Info.plist */ = {isa = PBXFileReference; fileEncoding = 4; lastKnownFileType = text.plist.xml; name = "GoogleService-Info.plist"; path = "../../../../GoogleService-Info.plist"; sourceTree = "<group>"; };
		04A21D782A876711004F87F1 /* AttachmentImageDataSource.swift */ = {isa = PBXFileReference; lastKnownFileType = sourcecode.swift; path = AttachmentImageDataSource.swift; sourceTree = "<group>"; };
		04A21D7C2A876914004F87F1 /* AttachmentCell.xib */ = {isa = PBXFileReference; lastKnownFileType = file.xib; path = AttachmentCell.xib; sourceTree = "<group>"; };
		04A21D7E2A87834E004F87F1 /* AttachmentImage.swift */ = {isa = PBXFileReference; lastKnownFileType = sourcecode.swift; path = AttachmentImage.swift; sourceTree = "<group>"; };
		04F5DECB2A8B518E00DD549D /* AddNewPost.swift */ = {isa = PBXFileReference; lastKnownFileType = sourcecode.swift; path = AddNewPost.swift; sourceTree = "<group>"; };
		04F5DECF2A8E1FAD00DD549D /* PostsDataSource.swift */ = {isa = PBXFileReference; lastKnownFileType = sourcecode.swift; path = PostsDataSource.swift; sourceTree = "<group>"; };
		04F5DEDB2A8F939E00DD549D /* CommentCell.xib */ = {isa = PBXFileReference; lastKnownFileType = file.xib; path = CommentCell.xib; sourceTree = "<group>"; };
		04F5DEDD2A8F93A800DD549D /* CommentCell.swift */ = {isa = PBXFileReference; lastKnownFileType = sourcecode.swift; path = CommentCell.swift; sourceTree = "<group>"; };
		04F5DEDF2A8F957700DD549D /* PostImageCollectionView.swift */ = {isa = PBXFileReference; lastKnownFileType = sourcecode.swift; path = PostImageCollectionView.swift; sourceTree = "<group>"; };
		51E49D0A9B2660423584C50D /* Pods-YouAll Chat.release.xcconfig */ = {isa = PBXFileReference; includeInIndex = 1; lastKnownFileType = text.xcconfig; name = "Pods-YouAll Chat.release.xcconfig"; path = "Target Support Files/Pods-YouAll Chat/Pods-YouAll Chat.release.xcconfig"; sourceTree = "<group>"; };
		6D284270AE12B221E56C4A80 /* Pods-YouAll Chat.debug.xcconfig */ = {isa = PBXFileReference; includeInIndex = 1; lastKnownFileType = text.xcconfig; name = "Pods-YouAll Chat.debug.xcconfig"; path = "Target Support Files/Pods-YouAll Chat/Pods-YouAll Chat.debug.xcconfig"; sourceTree = "<group>"; };
		F8C997C45C0205134AF393DB /* Pods_YouAll_Chat.framework */ = {isa = PBXFileReference; explicitFileType = wrapper.framework; includeInIndex = 0; path = Pods_YouAll_Chat.framework; sourceTree = BUILT_PRODUCTS_DIR; };
/* End PBXFileReference section */

/* Begin PBXFrameworksBuildPhase section */
		044D34D62A7E242A004A1565 /* Frameworks */ = {
			isa = PBXFrameworksBuildPhase;
			buildActionMask = 2147483647;
			files = (
				04A21D6B2A8626DC004F87F1 /* FirebaseAppCheck in Frameworks */,
				04A21D6D2A8626DC004F87F1 /* FirebaseAuth in Frameworks */,
				044D351D2A823A2F004A1565 /* Kingfisher in Frameworks */,
				A3A9FB40D879CD46A41F6B4C /* Pods_YouAll_Chat.framework in Frameworks */,
				04A21D712A8626DC004F87F1 /* FirebaseStorage in Frameworks */,
				04A21D692A8626DC004F87F1 /* FirebaseAnalytics in Frameworks */,
				04A21D6F2A8626DC004F87F1 /* FirebaseFirestore in Frameworks */,
			);
			runOnlyForDeploymentPostprocessing = 0;
		};
/* End PBXFrameworksBuildPhase section */

/* Begin PBXGroup section */
		044D34D02A7E242A004A1565 = {
			isa = PBXGroup;
			children = (
				044D34DB2A7E242A004A1565 /* YouAll Chat */,
				044D34DA2A7E242A004A1565 /* Products */,
				7DD0F4176A83E32D3B922624 /* Pods */,
				07346C3A2774873B8B095006 /* Frameworks */,
			);
			sourceTree = "<group>";
		};
		044D34DA2A7E242A004A1565 /* Products */ = {
			isa = PBXGroup;
			children = (
				044D34D92A7E242A004A1565 /* YouAll Chat.app */,
			);
			name = Products;
			sourceTree = "<group>";
		};
		044D34DB2A7E242A004A1565 /* YouAll Chat */ = {
			isa = PBXGroup;
			children = (
				044D34DC2A7E242A004A1565 /* AppDelegate.swift */,
				044D34DE2A7E242A004A1565 /* SceneDelegate.swift */,
				044D34FB2A7E317A004A1565 /* Models */,
				044D34F92A7E3134004A1565 /* Views */,
				044D34FA2A7E3170004A1565 /* Controller */,
				044D34E52A7E242C004A1565 /* Assets.xcassets */,
				044D34EA2A7E242C004A1565 /* Info.plist */,
				04A21D722A86517E004F87F1 /* GoogleService-Info.plist */,
				044D35222A8361B9004A1565 /* Constants.swift */,
			);
			path = "YouAll Chat";
			sourceTree = "<group>";
		};
		044D34F92A7E3134004A1565 /* Views */ = {
			isa = PBXGroup;
			children = (
				04F5DED72A8F933100DD549D /* comments */,
				044D34E22A7E242A004A1565 /* Main.storyboard */,
				044D34E72A7E242C004A1565 /* LaunchScreen.storyboard */,
				04F5DEDA2A8F937B00DD549D /* post */,
				04F5DED82A8F934000DD549D /* Post Image Collection */,
				04F5DED92A8F936200DD549D /* Attachment Image Collection */,
			);
			path = Views;
			sourceTree = "<group>";
		};
		044D34FA2A7E3170004A1565 /* Controller */ = {
			isa = PBXGroup;
			children = (
				044D34FC2A7E31B6004A1565 /* SignUpViewController.swift */,
				044D352B2A83AB41004A1565 /* HomeViewController.swift */,
				044D351E2A8262A9004A1565 /* DeatilView.swift */,
			);
			path = Controller;
			sourceTree = "<group>";
		};
		044D34FB2A7E317A004A1565 /* Models */ = {
			isa = PBXGroup;
			children = (
				044D35002A7E6E0D004A1565 /* UserAuthentication.swift */,
				044D35202A835643004A1565 /* PostModel.swift */,
				04A21D782A876711004F87F1 /* AttachmentImageDataSource.swift */,
				04A21D7E2A87834E004F87F1 /* AttachmentImage.swift */,
				04F5DECB2A8B518E00DD549D /* AddNewPost.swift */,
				04F5DECF2A8E1FAD00DD549D /* PostsDataSource.swift */,
			);
			path = Models;
			sourceTree = "<group>";
		};
		04F5DED72A8F933100DD549D /* comments */ = {
			isa = PBXGroup;
			children = (
				04F5DEDB2A8F939E00DD549D /* CommentCell.xib */,
				04F5DEDD2A8F93A800DD549D /* CommentCell.swift */,
			);
			path = comments;
			sourceTree = "<group>";
		};
		04F5DED82A8F934000DD549D /* Post Image Collection */ = {
			isa = PBXGroup;
			children = (
				044D35132A821B53004A1565 /* CollectionCell.xib */,
				044D35152A821B88004A1565 /* CollectionCell.swift */,
				044D35192A8230D4004A1565 /* CollectionLastCell.xib */,
				044D35172A822BEB004A1565 /* CollectionLastCell.swift */,
			);
			path = "Post Image Collection";
			sourceTree = "<group>";
		};
		04F5DED92A8F936200DD549D /* Attachment Image Collection */ = {
			isa = PBXGroup;
			children = (
				045E8CE82A84CE43004A1051 /* AttachmentCell.swift */,
				04A21D7C2A876914004F87F1 /* AttachmentCell.xib */,
			);
			path = "Attachment Image Collection";
			sourceTree = "<group>";
		};
		04F5DEDA2A8F937B00DD549D /* post */ = {
			isa = PBXGroup;
			children = (
				044D35082A80FDA8004A1565 /* Post.xib */,
				044D350A2A80FDF3004A1565 /* Post.swift */,
				04F5DEDF2A8F957700DD549D /* PostImageCollectionView.swift */,
			);
			path = post;
			sourceTree = "<group>";
		};
		07346C3A2774873B8B095006 /* Frameworks */ = {
			isa = PBXGroup;
			children = (
				F8C997C45C0205134AF393DB /* Pods_YouAll_Chat.framework */,
			);
			name = Frameworks;
			sourceTree = "<group>";
		};
		7DD0F4176A83E32D3B922624 /* Pods */ = {
			isa = PBXGroup;
			children = (
				6D284270AE12B221E56C4A80 /* Pods-YouAll Chat.debug.xcconfig */,
				51E49D0A9B2660423584C50D /* Pods-YouAll Chat.release.xcconfig */,
			);
			path = Pods;
			sourceTree = "<group>";
		};
/* End PBXGroup section */

/* Begin PBXNativeTarget section */
		044D34D82A7E242A004A1565 /* YouAll Chat */ = {
			isa = PBXNativeTarget;
			buildConfigurationList = 044D34ED2A7E242C004A1565 /* Build configuration list for PBXNativeTarget "YouAll Chat" */;
			buildPhases = (
				6DDB23147B948E23B8C939BA /* [CP] Check Pods Manifest.lock */,
				044D34D52A7E242A004A1565 /* Sources */,
				044D34D62A7E242A004A1565 /* Frameworks */,
				044D34D72A7E242A004A1565 /* Resources */,
			);
			buildRules = (
			);
			dependencies = (
			);
			name = "YouAll Chat";
			packageProductDependencies = (
				044D351C2A823A2F004A1565 /* Kingfisher */,
				04A21D682A8626DC004F87F1 /* FirebaseAnalytics */,
				04A21D6A2A8626DC004F87F1 /* FirebaseAppCheck */,
				04A21D6C2A8626DC004F87F1 /* FirebaseAuth */,
				04A21D6E2A8626DC004F87F1 /* FirebaseFirestore */,
				04A21D702A8626DC004F87F1 /* FirebaseStorage */,
			);
			productName = "YouAll Chat";
			productReference = 044D34D92A7E242A004A1565 /* YouAll Chat.app */;
			productType = "com.apple.product-type.application";
		};
/* End PBXNativeTarget section */

/* Begin PBXProject section */
		044D34D12A7E242A004A1565 /* Project object */ = {
			isa = PBXProject;
			attributes = {
				BuildIndependentTargetsInParallel = 1;
				LastSwiftUpdateCheck = 1430;
				LastUpgradeCheck = 1430;
				TargetAttributes = {
					044D34D82A7E242A004A1565 = {
						CreatedOnToolsVersion = 14.3.1;
					};
				};
			};
			buildConfigurationList = 044D34D42A7E242A004A1565 /* Build configuration list for PBXProject "YouAll Chat" */;
			compatibilityVersion = "Xcode 14.0";
			developmentRegion = en;
			hasScannedForEncodings = 0;
			knownRegions = (
				en,
				Base,
			);
			mainGroup = 044D34D02A7E242A004A1565;
			packageReferences = (
				044D351B2A823A2F004A1565 /* XCRemoteSwiftPackageReference "Kingfisher" */,
				04A21D672A8626DC004F87F1 /* XCRemoteSwiftPackageReference "firebase-ios-sdk" */,
			);
			productRefGroup = 044D34DA2A7E242A004A1565 /* Products */;
			projectDirPath = "";
			projectRoot = "";
			targets = (
				044D34D82A7E242A004A1565 /* YouAll Chat */,
			);
		};
/* End PBXProject section */

/* Begin PBXResourcesBuildPhase section */
		044D34D72A7E242A004A1565 /* Resources */ = {
			isa = PBXResourcesBuildPhase;
			buildActionMask = 2147483647;
			files = (
				044D351A2A8230D5004A1565 /* CollectionLastCell.xib in Resources */,
				044D34E92A7E242C004A1565 /* LaunchScreen.storyboard in Resources */,
				044D35092A80FDA8004A1565 /* Post.xib in Resources */,
				044D35142A821B53004A1565 /* CollectionCell.xib in Resources */,
				04A21D7D2A876914004F87F1 /* AttachmentCell.xib in Resources */,
				044D34E62A7E242C004A1565 /* Assets.xcassets in Resources */,
				04F5DEDC2A8F939E00DD549D /* CommentCell.xib in Resources */,
				044D34E42A7E242A004A1565 /* Main.storyboard in Resources */,
				04A21D732A86517E004F87F1 /* GoogleService-Info.plist in Resources */,
			);
			runOnlyForDeploymentPostprocessing = 0;
		};
/* End PBXResourcesBuildPhase section */

/* Begin PBXShellScriptBuildPhase section */
		6DDB23147B948E23B8C939BA /* [CP] Check Pods Manifest.lock */ = {
			isa = PBXShellScriptBuildPhase;
			buildActionMask = 2147483647;
			files = (
			);
			inputFileListPaths = (
			);
			inputPaths = (
				"${PODS_PODFILE_DIR_PATH}/Podfile.lock",
				"${PODS_ROOT}/Manifest.lock",
			);
			name = "[CP] Check Pods Manifest.lock";
			outputFileListPaths = (
			);
			outputPaths = (
				"$(DERIVED_FILE_DIR)/Pods-YouAll Chat-checkManifestLockResult.txt",
			);
			runOnlyForDeploymentPostprocessing = 0;
			shellPath = /bin/sh;
			shellScript = "diff \"${PODS_PODFILE_DIR_PATH}/Podfile.lock\" \"${PODS_ROOT}/Manifest.lock\" > /dev/null\nif [ $? != 0 ] ; then\n    # print error to STDERR\n    echo \"error: The sandbox is not in sync with the Podfile.lock. Run 'pod install' or update your CocoaPods installation.\" >&2\n    exit 1\nfi\n# This output is used by Xcode 'outputs' to avoid re-running this script phase.\necho \"SUCCESS\" > \"${SCRIPT_OUTPUT_FILE_0}\"\n";
			showEnvVarsInLog = 0;
		};
/* End PBXShellScriptBuildPhase section */

/* Begin PBXSourcesBuildPhase section */
		044D34D52A7E242A004A1565 /* Sources */ = {
			isa = PBXSourcesBuildPhase;
			buildActionMask = 2147483647;
			files = (
				045E8CE92A84CE43004A1051 /* AttachmentCell.swift in Sources */,
				04F5DED02A8E1FAD00DD549D /* PostsDataSource.swift in Sources */,
				044D35012A7E6E0D004A1565 /* UserAuthentication.swift in Sources */,
				044D35232A8361B9004A1565 /* Constants.swift in Sources */,
				04A21D792A876711004F87F1 /* AttachmentImageDataSource.swift in Sources */,
				044D35212A835643004A1565 /* PostModel.swift in Sources */,
				04F5DECC2A8B518E00DD549D /* AddNewPost.swift in Sources */,
				044D34DD2A7E242A004A1565 /* AppDelegate.swift in Sources */,
				04F5DEE02A8F957700DD549D /* PostImageCollectionView.swift in Sources */,
				044D34FD2A7E31B6004A1565 /* SignUpViewController.swift in Sources */,
				04F5DEDE2A8F93A800DD549D /* CommentCell.swift in Sources */,
				044D35182A822BEB004A1565 /* CollectionLastCell.swift in Sources */,
				044D350B2A80FDF3004A1565 /* Post.swift in Sources */,
				044D35162A821B88004A1565 /* CollectionCell.swift in Sources */,
				04A21D7F2A87834E004F87F1 /* AttachmentImage.swift in Sources */,
				044D34DF2A7E242A004A1565 /* SceneDelegate.swift in Sources */,
				044D351F2A8262A9004A1565 /* DeatilView.swift in Sources */,
				044D352C2A83AB41004A1565 /* HomeViewController.swift in Sources */,
			);
			runOnlyForDeploymentPostprocessing = 0;
		};
/* End PBXSourcesBuildPhase section */

/* Begin PBXVariantGroup section */
		044D34E22A7E242A004A1565 /* Main.storyboard */ = {
			isa = PBXVariantGroup;
			children = (
				044D34E32A7E242A004A1565 /* Base */,
			);
			name = Main.storyboard;
			sourceTree = "<group>";
		};
		044D34E72A7E242C004A1565 /* LaunchScreen.storyboard */ = {
			isa = PBXVariantGroup;
			children = (
				044D34E82A7E242C004A1565 /* Base */,
			);
			name = LaunchScreen.storyboard;
			sourceTree = "<group>";
		};
/* End PBXVariantGroup section */

/* Begin XCBuildConfiguration section */
		044D34EB2A7E242C004A1565 /* Debug */ = {
			isa = XCBuildConfiguration;
			buildSettings = {
				ALWAYS_SEARCH_USER_PATHS = NO;
				CLANG_ANALYZER_NONNULL = YES;
				CLANG_ANALYZER_NUMBER_OBJECT_CONVERSION = YES_AGGRESSIVE;
				CLANG_CXX_LANGUAGE_STANDARD = "gnu++20";
				CLANG_ENABLE_MODULES = YES;
				CLANG_ENABLE_OBJC_ARC = YES;
				CLANG_ENABLE_OBJC_WEAK = YES;
				CLANG_WARN_BLOCK_CAPTURE_AUTORELEASING = YES;
				CLANG_WARN_BOOL_CONVERSION = YES;
				CLANG_WARN_COMMA = YES;
				CLANG_WARN_CONSTANT_CONVERSION = YES;
				CLANG_WARN_DEPRECATED_OBJC_IMPLEMENTATIONS = YES;
				CLANG_WARN_DIRECT_OBJC_ISA_USAGE = YES_ERROR;
				CLANG_WARN_DOCUMENTATION_COMMENTS = YES;
				CLANG_WARN_EMPTY_BODY = YES;
				CLANG_WARN_ENUM_CONVERSION = YES;
				CLANG_WARN_INFINITE_RECURSION = YES;
				CLANG_WARN_INT_CONVERSION = YES;
				CLANG_WARN_NON_LITERAL_NULL_CONVERSION = YES;
				CLANG_WARN_OBJC_IMPLICIT_RETAIN_SELF = YES;
				CLANG_WARN_OBJC_LITERAL_CONVERSION = YES;
				CLANG_WARN_OBJC_ROOT_CLASS = YES_ERROR;
				CLANG_WARN_QUOTED_INCLUDE_IN_FRAMEWORK_HEADER = YES;
				CLANG_WARN_RANGE_LOOP_ANALYSIS = YES;
				CLANG_WARN_STRICT_PROTOTYPES = YES;
				CLANG_WARN_SUSPICIOUS_MOVE = YES;
				CLANG_WARN_UNGUARDED_AVAILABILITY = YES_AGGRESSIVE;
				CLANG_WARN_UNREACHABLE_CODE = YES;
				CLANG_WARN__DUPLICATE_METHOD_MATCH = YES;
				COPY_PHASE_STRIP = NO;
				DEBUG_INFORMATION_FORMAT = dwarf;
				ENABLE_STRICT_OBJC_MSGSEND = YES;
				ENABLE_TESTABILITY = YES;
				GCC_C_LANGUAGE_STANDARD = gnu11;
				GCC_DYNAMIC_NO_PIC = NO;
				GCC_NO_COMMON_BLOCKS = YES;
				GCC_OPTIMIZATION_LEVEL = 0;
				GCC_PREPROCESSOR_DEFINITIONS = (
					"DEBUG=1",
					"$(inherited)",
				);
				GCC_WARN_64_TO_32_BIT_CONVERSION = YES;
				GCC_WARN_ABOUT_RETURN_TYPE = YES_ERROR;
				GCC_WARN_UNDECLARED_SELECTOR = YES;
				GCC_WARN_UNINITIALIZED_AUTOS = YES_AGGRESSIVE;
				GCC_WARN_UNUSED_FUNCTION = YES;
				GCC_WARN_UNUSED_VARIABLE = YES;
				IPHONEOS_DEPLOYMENT_TARGET = 16.4;
				MTL_ENABLE_DEBUG_INFO = INCLUDE_SOURCE;
				MTL_FAST_MATH = YES;
				ONLY_ACTIVE_ARCH = YES;
				SDKROOT = iphoneos;
				SWIFT_ACTIVE_COMPILATION_CONDITIONS = DEBUG;
				SWIFT_OPTIMIZATION_LEVEL = "-Onone";
			};
			name = Debug;
		};
		044D34EC2A7E242C004A1565 /* Release */ = {
			isa = XCBuildConfiguration;
			buildSettings = {
				ALWAYS_SEARCH_USER_PATHS = NO;
				CLANG_ANALYZER_NONNULL = YES;
				CLANG_ANALYZER_NUMBER_OBJECT_CONVERSION = YES_AGGRESSIVE;
				CLANG_CXX_LANGUAGE_STANDARD = "gnu++20";
				CLANG_ENABLE_MODULES = YES;
				CLANG_ENABLE_OBJC_ARC = YES;
				CLANG_ENABLE_OBJC_WEAK = YES;
				CLANG_WARN_BLOCK_CAPTURE_AUTORELEASING = YES;
				CLANG_WARN_BOOL_CONVERSION = YES;
				CLANG_WARN_COMMA = YES;
				CLANG_WARN_CONSTANT_CONVERSION = YES;
				CLANG_WARN_DEPRECATED_OBJC_IMPLEMENTATIONS = YES;
				CLANG_WARN_DIRECT_OBJC_ISA_USAGE = YES_ERROR;
				CLANG_WARN_DOCUMENTATION_COMMENTS = YES;
				CLANG_WARN_EMPTY_BODY = YES;
				CLANG_WARN_ENUM_CONVERSION = YES;
				CLANG_WARN_INFINITE_RECURSION = YES;
				CLANG_WARN_INT_CONVERSION = YES;
				CLANG_WARN_NON_LITERAL_NULL_CONVERSION = YES;
				CLANG_WARN_OBJC_IMPLICIT_RETAIN_SELF = YES;
				CLANG_WARN_OBJC_LITERAL_CONVERSION = YES;
				CLANG_WARN_OBJC_ROOT_CLASS = YES_ERROR;
				CLANG_WARN_QUOTED_INCLUDE_IN_FRAMEWORK_HEADER = YES;
				CLANG_WARN_RANGE_LOOP_ANALYSIS = YES;
				CLANG_WARN_STRICT_PROTOTYPES = YES;
				CLANG_WARN_SUSPICIOUS_MOVE = YES;
				CLANG_WARN_UNGUARDED_AVAILABILITY = YES_AGGRESSIVE;
				CLANG_WARN_UNREACHABLE_CODE = YES;
				CLANG_WARN__DUPLICATE_METHOD_MATCH = YES;
				COPY_PHASE_STRIP = NO;
				DEBUG_INFORMATION_FORMAT = "dwarf-with-dsym";
				ENABLE_NS_ASSERTIONS = NO;
				ENABLE_STRICT_OBJC_MSGSEND = YES;
				GCC_C_LANGUAGE_STANDARD = gnu11;
				GCC_NO_COMMON_BLOCKS = YES;
				GCC_WARN_64_TO_32_BIT_CONVERSION = YES;
				GCC_WARN_ABOUT_RETURN_TYPE = YES_ERROR;
				GCC_WARN_UNDECLARED_SELECTOR = YES;
				GCC_WARN_UNINITIALIZED_AUTOS = YES_AGGRESSIVE;
				GCC_WARN_UNUSED_FUNCTION = YES;
				GCC_WARN_UNUSED_VARIABLE = YES;
				IPHONEOS_DEPLOYMENT_TARGET = 16.4;
				MTL_ENABLE_DEBUG_INFO = NO;
				MTL_FAST_MATH = YES;
				SDKROOT = iphoneos;
				SWIFT_COMPILATION_MODE = wholemodule;
				SWIFT_OPTIMIZATION_LEVEL = "-O";
				VALIDATE_PRODUCT = YES;
			};
			name = Release;
		};
		044D34EE2A7E242C004A1565 /* Debug */ = {
			isa = XCBuildConfiguration;
			baseConfigurationReference = 6D284270AE12B221E56C4A80 /* Pods-YouAll Chat.debug.xcconfig */;
			buildSettings = {
				ASSETCATALOG_COMPILER_APPICON_NAME = AppIcon;
				ASSETCATALOG_COMPILER_GLOBAL_ACCENT_COLOR_NAME = AccentColor;
				CODE_SIGN_STYLE = Automatic;
				CURRENT_PROJECT_VERSION = 1;
				DEVELOPMENT_TEAM = M9T4426853;
				GENERATE_INFOPLIST_FILE = YES;
				INFOPLIST_FILE = "YouAll Chat/Info.plist";
				INFOPLIST_KEY_UIApplicationSupportsIndirectInputEvents = YES;
				INFOPLIST_KEY_UILaunchStoryboardName = LaunchScreen;
				INFOPLIST_KEY_UIMainStoryboardFile = Main;
				INFOPLIST_KEY_UISupportedInterfaceOrientations_iPad = "UIInterfaceOrientationPortrait UIInterfaceOrientationPortraitUpsideDown UIInterfaceOrientationLandscapeLeft UIInterfaceOrientationLandscapeRight";
				INFOPLIST_KEY_UISupportedInterfaceOrientations_iPhone = "UIInterfaceOrientationPortrait UIInterfaceOrientationLandscapeLeft UIInterfaceOrientationLandscapeRight";
				LD_RUNPATH_SEARCH_PATHS = (
					"$(inherited)",
					"@executable_path/Frameworks",
				);
				MARKETING_VERSION = 1.0;
				PRODUCT_BUNDLE_IDENTIFIER = "com.cgtest.YouAll-Chat";
				PRODUCT_NAME = "$(TARGET_NAME)";
				SWIFT_EMIT_LOC_STRINGS = YES;
				SWIFT_VERSION = 5.0;
				TARGETED_DEVICE_FAMILY = "1,2";
			};
			name = Debug;
		};
		044D34EF2A7E242C004A1565 /* Release */ = {
			isa = XCBuildConfiguration;
			baseConfigurationReference = 51E49D0A9B2660423584C50D /* Pods-YouAll Chat.release.xcconfig */;
			buildSettings = {
				ASSETCATALOG_COMPILER_APPICON_NAME = AppIcon;
				ASSETCATALOG_COMPILER_GLOBAL_ACCENT_COLOR_NAME = AccentColor;
				CODE_SIGN_STYLE = Automatic;
				CURRENT_PROJECT_VERSION = 1;
				DEVELOPMENT_TEAM = M9T4426853;
				GENERATE_INFOPLIST_FILE = YES;
				INFOPLIST_FILE = "YouAll Chat/Info.plist";
				INFOPLIST_KEY_UIApplicationSupportsIndirectInputEvents = YES;
				INFOPLIST_KEY_UILaunchStoryboardName = LaunchScreen;
				INFOPLIST_KEY_UIMainStoryboardFile = Main;
				INFOPLIST_KEY_UISupportedInterfaceOrientations_iPad = "UIInterfaceOrientationPortrait UIInterfaceOrientationPortraitUpsideDown UIInterfaceOrientationLandscapeLeft UIInterfaceOrientationLandscapeRight";
				INFOPLIST_KEY_UISupportedInterfaceOrientations_iPhone = "UIInterfaceOrientationPortrait UIInterfaceOrientationLandscapeLeft UIInterfaceOrientationLandscapeRight";
				LD_RUNPATH_SEARCH_PATHS = (
					"$(inherited)",
					"@executable_path/Frameworks",
				);
				MARKETING_VERSION = 1.0;
				PRODUCT_BUNDLE_IDENTIFIER = "com.cgtest.YouAll-Chat";
				PRODUCT_NAME = "$(TARGET_NAME)";
				SWIFT_EMIT_LOC_STRINGS = YES;
				SWIFT_VERSION = 5.0;
				TARGETED_DEVICE_FAMILY = "1,2";
			};
			name = Release;
		};
/* End XCBuildConfiguration section */

/* Begin XCConfigurationList section */
		044D34D42A7E242A004A1565 /* Build configuration list for PBXProject "YouAll Chat" */ = {
			isa = XCConfigurationList;
			buildConfigurations = (
				044D34EB2A7E242C004A1565 /* Debug */,
				044D34EC2A7E242C004A1565 /* Release */,
			);
			defaultConfigurationIsVisible = 0;
			defaultConfigurationName = Release;
		};
		044D34ED2A7E242C004A1565 /* Build configuration list for PBXNativeTarget "YouAll Chat" */ = {
			isa = XCConfigurationList;
			buildConfigurations = (
				044D34EE2A7E242C004A1565 /* Debug */,
				044D34EF2A7E242C004A1565 /* Release */,
			);
			defaultConfigurationIsVisible = 0;
			defaultConfigurationName = Release;
		};
/* End XCConfigurationList section */

/* Begin XCRemoteSwiftPackageReference section */
		044D351B2A823A2F004A1565 /* XCRemoteSwiftPackageReference "Kingfisher" */ = {
			isa = XCRemoteSwiftPackageReference;
			repositoryURL = "https://github.com/onevcat/Kingfisher.git";
			requirement = {
				kind = upToNextMajorVersion;
				minimumVersion = 7.0.0;
			};
		};
		04A21D672A8626DC004F87F1 /* XCRemoteSwiftPackageReference "firebase-ios-sdk" */ = {
			isa = XCRemoteSwiftPackageReference;
			repositoryURL = "https://github.com/firebase/firebase-ios-sdk";
			requirement = {
				kind = upToNextMajorVersion;
				minimumVersion = 10.0.0;
			};
		};
/* End XCRemoteSwiftPackageReference section */

/* Begin XCSwiftPackageProductDependency section */
		044D351C2A823A2F004A1565 /* Kingfisher */ = {
			isa = XCSwiftPackageProductDependency;
			package = 044D351B2A823A2F004A1565 /* XCRemoteSwiftPackageReference "Kingfisher" */;
			productName = Kingfisher;
		};
		04A21D682A8626DC004F87F1 /* FirebaseAnalytics */ = {
			isa = XCSwiftPackageProductDependency;
			package = 04A21D672A8626DC004F87F1 /* XCRemoteSwiftPackageReference "firebase-ios-sdk" */;
			productName = FirebaseAnalytics;
		};
		04A21D6A2A8626DC004F87F1 /* FirebaseAppCheck */ = {
			isa = XCSwiftPackageProductDependency;
			package = 04A21D672A8626DC004F87F1 /* XCRemoteSwiftPackageReference "firebase-ios-sdk" */;
			productName = FirebaseAppCheck;
		};
		04A21D6C2A8626DC004F87F1 /* FirebaseAuth */ = {
			isa = XCSwiftPackageProductDependency;
			package = 04A21D672A8626DC004F87F1 /* XCRemoteSwiftPackageReference "firebase-ios-sdk" */;
			productName = FirebaseAuth;
		};
		04A21D6E2A8626DC004F87F1 /* FirebaseFirestore */ = {
			isa = XCSwiftPackageProductDependency;
			package = 04A21D672A8626DC004F87F1 /* XCRemoteSwiftPackageReference "firebase-ios-sdk" */;
			productName = FirebaseFirestore;
		};
		04A21D702A8626DC004F87F1 /* FirebaseStorage */ = {
			isa = XCSwiftPackageProductDependency;
			package = 04A21D672A8626DC004F87F1 /* XCRemoteSwiftPackageReference "firebase-ios-sdk" */;
			productName = FirebaseStorage;
		};
/* End XCSwiftPackageProductDependency section */
	};
	rootObject = 044D34D12A7E242A004A1565 /* Project object */;
}
